// !$*UTF8*$!
{
	archiveVersion = 1;
	classes = {
	};
	objectVersion = 46;
	objects = {

/* Begin PBXBuildFile section */
		570F087C1B81A4130068AC99 /* libsqlite3.dylib in Frameworks */ = {isa = PBXBuildFile; fileRef = 570F087B1B81A4130068AC99 /* libsqlite3.dylib */; };
		570F08801B81A5480068AC99 /* JokeView.m in Sources */ = {isa = PBXBuildFile; fileRef = 570F087F1B81A5480068AC99 /* JokeView.m */; };
		579066901BAA67D400805AC9 /* SMDBManager.m in Sources */ = {isa = PBXBuildFile; fileRef = 5790668F1BAA67D400805AC9 /* SMDBManager.m */; };
		FE0ECE501B7FCE1000B3B37D /* Images.xcassets in Resources */ = {isa = PBXBuildFile; fileRef = FE0ECE4F1B7FCE1000B3B37D /* Images.xcassets */; };
		FE35E17A1B839201000BBF68 /* SMTest.m in Sources */ = {isa = PBXBuildFile; fileRef = FE35E1791B839201000BBF68 /* SMTest.m */; };
		FE35E17D1B8397D3000BBF68 /* NSUserDefaults+SMModel.m in Sources */ = {isa = PBXBuildFile; fileRef = FE35E17C1B8397D3000BBF68 /* NSUserDefaults+SMModel.m */; };
		FE664C011BA531F80074B3FF /* MBProgressHUD.m in Sources */ = {isa = PBXBuildFile; fileRef = FE664C001BA531F80074B3FF /* MBProgressHUD.m */; };
		FE7D332C1B7E358400CE6284 /* JokesViewController.m in Sources */ = {isa = PBXBuildFile; fileRef = FE7D332B1B7E358400CE6284 /* JokesViewController.m */; };
		FE8CF96A1B7D6AF7002A1A92 /* SMButton.m in Sources */ = {isa = PBXBuildFile; fileRef = FE8CF8AB1B7D6AF7002A1A92 /* SMButton.m */; };
		FE8CF96B1B7D6AF7002A1A92 /* SMLabel.m in Sources */ = {isa = PBXBuildFile; fileRef = FE8CF8AD1B7D6AF7002A1A92 /* SMLabel.m */; };
		FE8CF96C1B7D6AF7002A1A92 /* SMNavigationController.m in Sources */ = {isa = PBXBuildFile; fileRef = FE8CF8AF1B7D6AF7002A1A92 /* SMNavigationController.m */; };
		FE8CF96D1B7D6AF7002A1A92 /* SMTableView.m in Sources */ = {isa = PBXBuildFile; fileRef = FE8CF8B11B7D6AF7002A1A92 /* SMTableView.m */; };
		FE8CF96E1B7D6AF7002A1A92 /* SMTextField.m in Sources */ = {isa = PBXBuildFile; fileRef = FE8CF8B31B7D6AF7002A1A92 /* SMTextField.m */; };
		FE8CF96F1B7D6AF7002A1A92 /* SMViewController.m in Sources */ = {isa = PBXBuildFile; fileRef = FE8CF8B51B7D6AF7002A1A92 /* SMViewController.m */; };
		FE8CF9731B7D6AF7002A1A92 /* kRequestLocalTestData.dat in Resources */ = {isa = PBXBuildFile; fileRef = FE8CF8C51B7D6AF7002A1A92 /* kRequestLocalTestData.dat */; };
		FE8CF9741B7D6AF7002A1A92 /* AppDelegate.m in Sources */ = {isa = PBXBuildFile; fileRef = FE8CF8C81B7D6AF7002A1A92 /* AppDelegate.m */; };
		FE8CF9751B7D6AF7002A1A92 /* main.m in Sources */ = {isa = PBXBuildFile; fileRef = FE8CF8C91B7D6AF7002A1A92 /* main.m */; };
		FE8CF9771B7D6AF7002A1A92 /* SMJoke.m in Sources */ = {isa = PBXBuildFile; fileRef = FE8CF8D11B7D6AF7002A1A92 /* SMJoke.m */; };
		FE8CF9781B7D6AF7002A1A92 /* SMResult.m in Sources */ = {isa = PBXBuildFile; fileRef = FE8CF8D31B7D6AF7002A1A92 /* SMResult.m */; };
		FE8CF9791B7D6AF7002A1A92 /* AutoSizeUtil.m in Sources */ = {isa = PBXBuildFile; fileRef = FE8CF8D71B7D6AF7002A1A92 /* AutoSizeUtil.m */; };
		FE8CF97A1B7D6AF7002A1A92 /* UITableViewCell+AutoSize.m in Sources */ = {isa = PBXBuildFile; fileRef = FE8CF8D91B7D6AF7002A1A92 /* UITableViewCell+AutoSize.m */; };
		FE8CF97B1B7D6AF7002A1A92 /* SMBll.m in Sources */ = {isa = PBXBuildFile; fileRef = FE8CF8E21B7D6AF7002A1A92 /* SMBll.m */; };
		FE8CF97D1B7D6AF7002A1A92 /* NSObject+SM.m in Sources */ = {isa = PBXBuildFile; fileRef = FE8CF8E91B7D6AF7002A1A92 /* NSObject+SM.m */; };
		FE8CF97E1B7D6AF7002A1A92 /* NSString+SM.m in Sources */ = {isa = PBXBuildFile; fileRef = FE8CF8EB1B7D6AF7002A1A92 /* NSString+SM.m */; };
		FE8CF97F1B7D6AF7002A1A92 /* UIDevice+SM.m in Sources */ = {isa = PBXBuildFile; fileRef = FE8CF8EE1B7D6AF7002A1A92 /* UIDevice+SM.m */; };
		FE8CF9801B7D6AF7002A1A92 /* UITableView+SM.m in Sources */ = {isa = PBXBuildFile; fileRef = FE8CF8F01B7D6AF7002A1A92 /* UITableView+SM.m */; };
		FE8CF9811B7D6AF7002A1A92 /* UIView+SM.m in Sources */ = {isa = PBXBuildFile; fileRef = FE8CF8F21B7D6AF7002A1A92 /* UIView+SM.m */; };
		FE8CF9821B7D6AF7002A1A92 /* UIView+SMFrame.m in Sources */ = {isa = PBXBuildFile; fileRef = FE8CF8F41B7D6AF7002A1A92 /* UIView+SMFrame.m */; };
		FE8CF9831B7D6AF7002A1A92 /* SMAPI.m in Sources */ = {isa = PBXBuildFile; fileRef = FE8CF8F91B7D6AF7002A1A92 /* SMAPI.m */; };
		FE8CF9841B7D6AF7002A1A92 /* SMDAO.m in Sources */ = {isa = PBXBuildFile; fileRef = FE8CF8FC1B7D6AF7002A1A92 /* SMDAO.m */; };
		FE8CF9851B7D6AF7002A1A92 /* SMLogSys.m in Sources */ = {isa = PBXBuildFile; fileRef = FE8CF9081B7D6AF7002A1A92 /* SMLogSys.m */; };
		FE8CF9861B7D6AF7002A1A92 /* SMModel.m in Sources */ = {isa = PBXBuildFile; fileRef = FE8CF90B1B7D6AF7002A1A92 /* SMModel.m */; };
		FE8CF9871B7D6AF7002A1A92 /* SMAFNClient.m in Sources */ = {isa = PBXBuildFile; fileRef = FE8CF90F1B7D6AF7002A1A92 /* SMAFNClient.m */; };
		FE8CF9881B7D6AF7002A1A92 /* SMNetManager.m in Sources */ = {isa = PBXBuildFile; fileRef = FE8CF9121B7D6AF7002A1A92 /* SMNetManager.m */; };
		FE8CF9891B7D6AF7002A1A92 /* SMRequestQueue.m in Sources */ = {isa = PBXBuildFile; fileRef = FE8CF9141B7D6AF7002A1A92 /* SMRequestQueue.m */; };
		FE8CF98A1B7D6AF7002A1A92 /* SMUrlRequest+SM.m in Sources */ = {isa = PBXBuildFile; fileRef = FE8CF9161B7D6AF7002A1A92 /* SMUrlRequest+SM.m */; };
		FE8CF98B1B7D6AF7002A1A92 /* SMUrlRequest.m in Sources */ = {isa = PBXBuildFile; fileRef = FE8CF9191B7D6AF7002A1A92 /* SMUrlRequest.m */; };
		FE8CF99F1B7D6AF7002A1A92 /* FMDatabase.m in Sources */ = {isa = PBXBuildFile; fileRef = FE8CF9461B7D6AF7002A1A92 /* FMDatabase.m */; };
		FE8CF9A01B7D6AF7002A1A92 /* FMDatabaseAdditions.m in Sources */ = {isa = PBXBuildFile; fileRef = FE8CF9481B7D6AF7002A1A92 /* FMDatabaseAdditions.m */; };
		FE8CF9A11B7D6AF7002A1A92 /* FMDatabasePool.m in Sources */ = {isa = PBXBuildFile; fileRef = FE8CF94A1B7D6AF7002A1A92 /* FMDatabasePool.m */; };
		FE8CF9A21B7D6AF7002A1A92 /* FMDatabaseQueue.m in Sources */ = {isa = PBXBuildFile; fileRef = FE8CF94C1B7D6AF7002A1A92 /* FMDatabaseQueue.m */; };
		FE8CF9A31B7D6AF7002A1A92 /* FMResultSet.m in Sources */ = {isa = PBXBuildFile; fileRef = FE8CF94F1B7D6AF7002A1A92 /* FMResultSet.m */; };
		FE8CF9A41B7D6AF7002A1A92 /* MJRefresh.bundle in Resources */ = {isa = PBXBuildFile; fileRef = FE8CF9511B7D6AF7002A1A92 /* MJRefresh.bundle */; };
		FE8CF9A51B7D6AF7002A1A92 /* MJRefreshComponent.m in Sources */ = {isa = PBXBuildFile; fileRef = FE8CF9541B7D6AF7002A1A92 /* MJRefreshComponent.m */; };
		FE8CF9A61B7D6AF7002A1A92 /* MJRefreshConst.m in Sources */ = {isa = PBXBuildFile; fileRef = FE8CF9561B7D6AF7002A1A92 /* MJRefreshConst.m */; };
		FE8CF9A71B7D6AF7002A1A92 /* MJRefreshFooter.m in Sources */ = {isa = PBXBuildFile; fileRef = FE8CF9581B7D6AF7002A1A92 /* MJRefreshFooter.m */; };
		FE8CF9A81B7D6AF7002A1A92 /* MJRefreshGifFooter.m in Sources */ = {isa = PBXBuildFile; fileRef = FE8CF95A1B7D6AF7002A1A92 /* MJRefreshGifFooter.m */; };
		FE8CF9A91B7D6AF7002A1A92 /* MJRefreshGifHeader.m in Sources */ = {isa = PBXBuildFile; fileRef = FE8CF95C1B7D6AF7002A1A92 /* MJRefreshGifHeader.m */; };
		FE8CF9AA1B7D6AF7002A1A92 /* MJRefreshHeader.m in Sources */ = {isa = PBXBuildFile; fileRef = FE8CF95E1B7D6AF7002A1A92 /* MJRefreshHeader.m */; };
		FE8CF9AB1B7D6AF7002A1A92 /* MJRefreshLegendFooter.m in Sources */ = {isa = PBXBuildFile; fileRef = FE8CF9601B7D6AF7002A1A92 /* MJRefreshLegendFooter.m */; };
		FE8CF9AC1B7D6AF7002A1A92 /* MJRefreshLegendHeader.m in Sources */ = {isa = PBXBuildFile; fileRef = FE8CF9621B7D6AF7002A1A92 /* MJRefreshLegendHeader.m */; };
		FE8CF9AD1B7D6AF7002A1A92 /* UIScrollView+MJExtension.m in Sources */ = {isa = PBXBuildFile; fileRef = FE8CF9641B7D6AF7002A1A92 /* UIScrollView+MJExtension.m */; };
		FE8CF9AE1B7D6AF7002A1A92 /* UIScrollView+MJRefresh.m in Sources */ = {isa = PBXBuildFile; fileRef = FE8CF9661B7D6AF7002A1A92 /* UIScrollView+MJRefresh.m */; };
		FE8CF9AF1B7D6AF7002A1A92 /* UIView+MJExtension.m in Sources */ = {isa = PBXBuildFile; fileRef = FE8CF9681B7D6AF7002A1A92 /* UIView+MJExtension.m */; };
		FE8CF9C01B7D6F46002A1A92 /* Info.plist in Resources */ = {isa = PBXBuildFile; fileRef = FE8CF9BE1B7D6F46002A1A92 /* Info.plist */; };
		FE8CF9C71B7D728D002A1A92 /* MainViewController.m in Sources */ = {isa = PBXBuildFile; fileRef = FE8CF9C61B7D728D002A1A92 /* MainViewController.m */; };
		FE8CF9CA1B7D7343002A1A92 /* JokeBll.m in Sources */ = {isa = PBXBuildFile; fileRef = FE8CF9C91B7D7343002A1A92 /* JokeBll.m */; };
		FE8CF9CD1B7D73F1002A1A92 /* JokeAPI.m in Sources */ = {isa = PBXBuildFile; fileRef = FE8CF9CC1B7D73F1002A1A92 /* JokeAPI.m */; };
		FE8CF9D01B7D73FE002A1A92 /* JokeDao.m in Sources */ = {isa = PBXBuildFile; fileRef = FE8CF9CF1B7D73FE002A1A92 /* JokeDao.m */; };
		FE8CF9D41B7D785F002A1A92 /* JokeDetailViewController.m in Sources */ = {isa = PBXBuildFile; fileRef = FE8CF9D31B7D785F002A1A92 /* JokeDetailViewController.m */; };
		FEA6CCED1B8043750087F9DA /* AFHTTPRequestOperation.m in Sources */ = {isa = PBXBuildFile; fileRef = FEA6CCDB1B8043750087F9DA /* AFHTTPRequestOperation.m */; };
		FEA6CCEE1B8043750087F9DA /* AFHTTPRequestOperationManager.m in Sources */ = {isa = PBXBuildFile; fileRef = FEA6CCDD1B8043750087F9DA /* AFHTTPRequestOperationManager.m */; };
		FEA6CCEF1B8043750087F9DA /* AFHTTPSessionManager.m in Sources */ = {isa = PBXBuildFile; fileRef = FEA6CCDF1B8043750087F9DA /* AFHTTPSessionManager.m */; };
		FEA6CCF01B8043750087F9DA /* AFNetworkReachabilityManager.m in Sources */ = {isa = PBXBuildFile; fileRef = FEA6CCE21B8043750087F9DA /* AFNetworkReachabilityManager.m */; };
		FEA6CCF11B8043750087F9DA /* AFSecurityPolicy.m in Sources */ = {isa = PBXBuildFile; fileRef = FEA6CCE41B8043750087F9DA /* AFSecurityPolicy.m */; };
		FEA6CCF21B8043750087F9DA /* AFURLConnectionOperation.m in Sources */ = {isa = PBXBuildFile; fileRef = FEA6CCE61B8043750087F9DA /* AFURLConnectionOperation.m */; };
		FEA6CCF31B8043750087F9DA /* AFURLRequestSerialization.m in Sources */ = {isa = PBXBuildFile; fileRef = FEA6CCE81B8043750087F9DA /* AFURLRequestSerialization.m */; };
		FEA6CCF41B8043750087F9DA /* AFURLResponseSerialization.m in Sources */ = {isa = PBXBuildFile; fileRef = FEA6CCEA1B8043750087F9DA /* AFURLResponseSerialization.m */; };
		FEA6CCF51B8043750087F9DA /* AFURLSessionManager.m in Sources */ = {isa = PBXBuildFile; fileRef = FEA6CCEC1B8043750087F9DA /* AFURLSessionManager.m */; };
		FEA753831B89087300533B89 /* SMAttributiesModel.m in Sources */ = {isa = PBXBuildFile; fileRef = FEA753801B89087300533B89 /* SMAttributiesModel.m */; };
		FEA753841B89087300533B89 /* UIView+SMAttributies.m in Sources */ = {isa = PBXBuildFile; fileRef = FEA753821B89087300533B89 /* UIView+SMAttributies.m */; };
		FEA753861B89089000533B89 /* sample.json in Resources */ = {isa = PBXBuildFile; fileRef = FEA753851B89089000533B89 /* sample.json */; };
		FEA7538B1B89095000533B89 /* MainViewController.json in Resources */ = {isa = PBXBuildFile; fileRef = FEA7538A1B89095000533B89 /* MainViewController.json */; };
		FEA7538D1B890C5000533B89 /* JokesViewController.json in Resources */ = {isa = PBXBuildFile; fileRef = FEA7538C1B890C5000533B89 /* JokesViewController.json */; };
		FEA7538F1B890C7700533B89 /* JokeDetailViewController.json in Resources */ = {isa = PBXBuildFile; fileRef = FEA7538E1B890C7700533B89 /* JokeDetailViewController.json */; };
		FEA753911B890F9300533B89 /* JokeView.json in Resources */ = {isa = PBXBuildFile; fileRef = FEA753901B890F9300533B89 /* JokeView.json */; };
		FEAFBE7B1B808C6B007D4143 /* MKAnnotationView+WebCache.m in Sources */ = {isa = PBXBuildFile; fileRef = FEAFBE5B1B808C6B007D4143 /* MKAnnotationView+WebCache.m */; };
		FEAFBE7C1B808C6B007D4143 /* NSData+ImageContentType.m in Sources */ = {isa = PBXBuildFile; fileRef = FEAFBE5D1B808C6B007D4143 /* NSData+ImageContentType.m */; };
		FEAFBE7D1B808C6B007D4143 /* SDImageCache.m in Sources */ = {isa = PBXBuildFile; fileRef = FEAFBE5F1B808C6B007D4143 /* SDImageCache.m */; };
		FEAFBE7E1B808C6B007D4143 /* SDWebImageCompat.m in Sources */ = {isa = PBXBuildFile; fileRef = FEAFBE611B808C6B007D4143 /* SDWebImageCompat.m */; };
		FEAFBE7F1B808C6B007D4143 /* SDWebImageDecoder.m in Sources */ = {isa = PBXBuildFile; fileRef = FEAFBE631B808C6B007D4143 /* SDWebImageDecoder.m */; };
		FEAFBE801B808C6B007D4143 /* SDWebImageDownloader.m in Sources */ = {isa = PBXBuildFile; fileRef = FEAFBE651B808C6B007D4143 /* SDWebImageDownloader.m */; };
		FEAFBE811B808C6B007D4143 /* SDWebImageDownloaderOperation.m in Sources */ = {isa = PBXBuildFile; fileRef = FEAFBE671B808C6B007D4143 /* SDWebImageDownloaderOperation.m */; };
		FEAFBE821B808C6B007D4143 /* SDWebImageManager.m in Sources */ = {isa = PBXBuildFile; fileRef = FEAFBE691B808C6B007D4143 /* SDWebImageManager.m */; };
		FEAFBE831B808C6B007D4143 /* SDWebImagePrefetcher.m in Sources */ = {isa = PBXBuildFile; fileRef = FEAFBE6C1B808C6B007D4143 /* SDWebImagePrefetcher.m */; };
		FEAFBE841B808C6B007D4143 /* UIButton+WebCache.m in Sources */ = {isa = PBXBuildFile; fileRef = FEAFBE6E1B808C6B007D4143 /* UIButton+WebCache.m */; };
		FEAFBE851B808C6B007D4143 /* UIImage+GIF.m in Sources */ = {isa = PBXBuildFile; fileRef = FEAFBE701B808C6B007D4143 /* UIImage+GIF.m */; };
		FEAFBE861B808C6B007D4143 /* UIImage+MultiFormat.m in Sources */ = {isa = PBXBuildFile; fileRef = FEAFBE721B808C6B007D4143 /* UIImage+MultiFormat.m */; };
		FEAFBE871B808C6B007D4143 /* UIImage+WebP.m in Sources */ = {isa = PBXBuildFile; fileRef = FEAFBE741B808C6B007D4143 /* UIImage+WebP.m */; };
		FEAFBE881B808C6B007D4143 /* UIImageView+HighlightedWebCache.m in Sources */ = {isa = PBXBuildFile; fileRef = FEAFBE761B808C6B007D4143 /* UIImageView+HighlightedWebCache.m */; };
		FEAFBE891B808C6B007D4143 /* UIImageView+WebCache.m in Sources */ = {isa = PBXBuildFile; fileRef = FEAFBE781B808C6B007D4143 /* UIImageView+WebCache.m */; };
		FEAFBE8A1B808C6B007D4143 /* UIView+WebCacheOperation.m in Sources */ = {isa = PBXBuildFile; fileRef = FEAFBE7A1B808C6B007D4143 /* UIView+WebCacheOperation.m */; };
		FEF813A11BA464A800BA83D3 /* SMDBHelper.m in Sources */ = {isa = PBXBuildFile; fileRef = FEF813A01BA464A800BA83D3 /* SMDBHelper.m */; };
/* End PBXBuildFile section */

/* Begin PBXFileReference section */
		570F087B1B81A4130068AC99 /* libsqlite3.dylib */ = {isa = PBXFileReference; lastKnownFileType = "compiled.mach-o.dylib"; name = libsqlite3.dylib; path = usr/lib/libsqlite3.dylib; sourceTree = SDKROOT; };
		570F087E1B81A5480068AC99 /* JokeView.h */ = {isa = PBXFileReference; fileEncoding = 4; lastKnownFileType = sourcecode.c.h; path = JokeView.h; sourceTree = "<group>"; };
		570F087F1B81A5480068AC99 /* JokeView.m */ = {isa = PBXFileReference; fileEncoding = 4; lastKnownFileType = sourcecode.c.objc; path = JokeView.m; sourceTree = "<group>"; };
		5790668E1BAA67D400805AC9 /* SMDBManager.h */ = {isa = PBXFileReference; fileEncoding = 4; lastKnownFileType = sourcecode.c.h; path = SMDBManager.h; sourceTree = "<group>"; };
		5790668F1BAA67D400805AC9 /* SMDBManager.m */ = {isa = PBXFileReference; fileEncoding = 4; lastKnownFileType = sourcecode.c.objc; path = SMDBManager.m; sourceTree = "<group>"; };
		FE0ECE4F1B7FCE1000B3B37D /* Images.xcassets */ = {isa = PBXFileReference; lastKnownFileType = folder.assetcatalog; name = Images.xcassets; path = Hahaha/Images.xcassets; sourceTree = "<group>"; };
		FE35E1781B839201000BBF68 /* SMTest.h */ = {isa = PBXFileReference; fileEncoding = 4; lastKnownFileType = sourcecode.c.h; path = SMTest.h; sourceTree = "<group>"; };
		FE35E1791B839201000BBF68 /* SMTest.m */ = {isa = PBXFileReference; fileEncoding = 4; lastKnownFileType = sourcecode.c.objc; path = SMTest.m; sourceTree = "<group>"; };
		FE35E17B1B8397D3000BBF68 /* NSUserDefaults+SMModel.h */ = {isa = PBXFileReference; fileEncoding = 4; lastKnownFileType = sourcecode.c.h; path = "NSUserDefaults+SMModel.h"; sourceTree = "<group>"; };
		FE35E17C1B8397D3000BBF68 /* NSUserDefaults+SMModel.m */ = {isa = PBXFileReference; fileEncoding = 4; lastKnownFileType = sourcecode.c.objc; path = "NSUserDefaults+SMModel.m"; sourceTree = "<group>"; };
		FE664BFF1BA531F80074B3FF /* MBProgressHUD.h */ = {isa = PBXFileReference; fileEncoding = 4; lastKnownFileType = sourcecode.c.h; path = MBProgressHUD.h; sourceTree = "<group>"; };
		FE664C001BA531F80074B3FF /* MBProgressHUD.m */ = {isa = PBXFileReference; fileEncoding = 4; lastKnownFileType = sourcecode.c.objc; path = MBProgressHUD.m; sourceTree = "<group>"; };
		FE7D332A1B7E358400CE6284 /* JokesViewController.h */ = {isa = PBXFileReference; fileEncoding = 4; lastKnownFileType = sourcecode.c.h; path = JokesViewController.h; sourceTree = "<group>"; };
		FE7D332B1B7E358400CE6284 /* JokesViewController.m */ = {isa = PBXFileReference; fileEncoding = 4; lastKnownFileType = sourcecode.c.objc; path = JokesViewController.m; sourceTree = "<group>"; };
		FE8CF87A1B7CCFC2002A1A92 /* Hahaha.app */ = {isa = PBXFileReference; explicitFileType = wrapper.application; includeInIndex = 0; path = Hahaha.app; sourceTree = BUILT_PRODUCTS_DIR; };
		FE8CF8AA1B7D6AF7002A1A92 /* SMButton.h */ = {isa = PBXFileReference; fileEncoding = 4; lastKnownFileType = sourcecode.c.h; path = SMButton.h; sourceTree = "<group>"; };
		FE8CF8AB1B7D6AF7002A1A92 /* SMButton.m */ = {isa = PBXFileReference; fileEncoding = 4; lastKnownFileType = sourcecode.c.objc; path = SMButton.m; sourceTree = "<group>"; };
		FE8CF8AC1B7D6AF7002A1A92 /* SMLabel.h */ = {isa = PBXFileReference; fileEncoding = 4; lastKnownFileType = sourcecode.c.h; path = SMLabel.h; sourceTree = "<group>"; };
		FE8CF8AD1B7D6AF7002A1A92 /* SMLabel.m */ = {isa = PBXFileReference; fileEncoding = 4; lastKnownFileType = sourcecode.c.objc; path = SMLabel.m; sourceTree = "<group>"; };
		FE8CF8AE1B7D6AF7002A1A92 /* SMNavigationController.h */ = {isa = PBXFileReference; fileEncoding = 4; lastKnownFileType = sourcecode.c.h; path = SMNavigationController.h; sourceTree = "<group>"; };
		FE8CF8AF1B7D6AF7002A1A92 /* SMNavigationController.m */ = {isa = PBXFileReference; fileEncoding = 4; lastKnownFileType = sourcecode.c.objc; path = SMNavigationController.m; sourceTree = "<group>"; };
		FE8CF8B01B7D6AF7002A1A92 /* SMTableView.h */ = {isa = PBXFileReference; fileEncoding = 4; lastKnownFileType = sourcecode.c.h; path = SMTableView.h; sourceTree = "<group>"; };
		FE8CF8B11B7D6AF7002A1A92 /* SMTableView.m */ = {isa = PBXFileReference; fileEncoding = 4; lastKnownFileType = sourcecode.c.objc; path = SMTableView.m; sourceTree = "<group>"; };
		FE8CF8B21B7D6AF7002A1A92 /* SMTextField.h */ = {isa = PBXFileReference; fileEncoding = 4; lastKnownFileType = sourcecode.c.h; path = SMTextField.h; sourceTree = "<group>"; };
		FE8CF8B31B7D6AF7002A1A92 /* SMTextField.m */ = {isa = PBXFileReference; fileEncoding = 4; lastKnownFileType = sourcecode.c.objc; path = SMTextField.m; sourceTree = "<group>"; };
		FE8CF8B41B7D6AF7002A1A92 /* SMViewController.h */ = {isa = PBXFileReference; fileEncoding = 4; lastKnownFileType = sourcecode.c.h; path = SMViewController.h; sourceTree = "<group>"; };
		FE8CF8B51B7D6AF7002A1A92 /* SMViewController.m */ = {isa = PBXFileReference; fileEncoding = 4; lastKnownFileType = sourcecode.c.objc; path = SMViewController.m; sourceTree = "<group>"; };
		FE8CF8B61B7D6AF7002A1A92 /* SMBaseClassHeader.h */ = {isa = PBXFileReference; fileEncoding = 4; lastKnownFileType = sourcecode.c.h; path = SMBaseClassHeader.h; sourceTree = "<group>"; };
		FE8CF8C31B7D6AF7002A1A92 /* SqlHeader.h */ = {isa = PBXFileReference; fileEncoding = 4; lastKnownFileType = sourcecode.c.h; path = SqlHeader.h; sourceTree = "<group>"; };
		FE8CF8C51B7D6AF7002A1A92 /* kRequestLocalTestData.dat */ = {isa = PBXFileReference; fileEncoding = 4; lastKnownFileType = text; path = kRequestLocalTestData.dat; sourceTree = "<group>"; };
		FE8CF8C71B7D6AF7002A1A92 /* AppDelegate.h */ = {isa = PBXFileReference; fileEncoding = 4; lastKnownFileType = sourcecode.c.h; path = AppDelegate.h; sourceTree = "<group>"; };
		FE8CF8C81B7D6AF7002A1A92 /* AppDelegate.m */ = {isa = PBXFileReference; fileEncoding = 4; lastKnownFileType = sourcecode.c.objc; path = AppDelegate.m; sourceTree = "<group>"; };
		FE8CF8C91B7D6AF7002A1A92 /* main.m */ = {isa = PBXFileReference; fileEncoding = 4; lastKnownFileType = sourcecode.c.objc; path = main.m; sourceTree = "<group>"; };
		FE8CF8CC1B7D6AF7002A1A92 /* SMClassHeader.h */ = {isa = PBXFileReference; fileEncoding = 4; lastKnownFileType = sourcecode.c.h; path = SMClassHeader.h; sourceTree = "<group>"; };
		FE8CF8D01B7D6AF7002A1A92 /* SMJoke.h */ = {isa = PBXFileReference; fileEncoding = 4; lastKnownFileType = sourcecode.c.h; path = SMJoke.h; sourceTree = "<group>"; };
		FE8CF8D11B7D6AF7002A1A92 /* SMJoke.m */ = {isa = PBXFileReference; fileEncoding = 4; lastKnownFileType = sourcecode.c.objc; path = SMJoke.m; sourceTree = "<group>"; };
		FE8CF8D21B7D6AF7002A1A92 /* SMResult.h */ = {isa = PBXFileReference; fileEncoding = 4; lastKnownFileType = sourcecode.c.h; path = SMResult.h; sourceTree = "<group>"; };
		FE8CF8D31B7D6AF7002A1A92 /* SMResult.m */ = {isa = PBXFileReference; fileEncoding = 4; lastKnownFileType = sourcecode.c.objc; path = SMResult.m; sourceTree = "<group>"; };
		FE8CF8D61B7D6AF7002A1A92 /* AutoSizeUtil.h */ = {isa = PBXFileReference; fileEncoding = 4; lastKnownFileType = sourcecode.c.h; path = AutoSizeUtil.h; sourceTree = "<group>"; };
		FE8CF8D71B7D6AF7002A1A92 /* AutoSizeUtil.m */ = {isa = PBXFileReference; fileEncoding = 4; lastKnownFileType = sourcecode.c.objc; path = AutoSizeUtil.m; sourceTree = "<group>"; };
		FE8CF8D81B7D6AF7002A1A92 /* UITableViewCell+AutoSize.h */ = {isa = PBXFileReference; fileEncoding = 4; lastKnownFileType = sourcecode.c.h; path = "UITableViewCell+AutoSize.h"; sourceTree = "<group>"; };
		FE8CF8D91B7D6AF7002A1A92 /* UITableViewCell+AutoSize.m */ = {isa = PBXFileReference; fileEncoding = 4; lastKnownFileType = sourcecode.c.objc; path = "UITableViewCell+AutoSize.m"; sourceTree = "<group>"; };
		FE8CF8DB1B7D6AF7002A1A92 /* APIHeader.h */ = {isa = PBXFileReference; fileEncoding = 4; lastKnownFileType = sourcecode.c.h; path = APIHeader.h; sourceTree = "<group>"; };
		FE8CF8DC1B7D6AF7002A1A92 /* ConstHeader.h */ = {isa = PBXFileReference; fileEncoding = 4; lastKnownFileType = sourcecode.c.h; path = ConstHeader.h; sourceTree = "<group>"; };
		FE8CF8DD1B7D6AF7002A1A92 /* FastUserHeader.h */ = {isa = PBXFileReference; fileEncoding = 4; lastKnownFileType = sourcecode.c.h; path = FastUserHeader.h; sourceTree = "<group>"; };
		FE8CF8DE1B7D6AF7002A1A92 /* WordsHeader.h */ = {isa = PBXFileReference; fileEncoding = 4; lastKnownFileType = sourcecode.c.h; path = WordsHeader.h; sourceTree = "<group>"; };
		FE8CF8E11B7D6AF7002A1A92 /* SMBll.h */ = {isa = PBXFileReference; fileEncoding = 4; lastKnownFileType = sourcecode.c.h; path = SMBll.h; sourceTree = "<group>"; };
		FE8CF8E21B7D6AF7002A1A92 /* SMBll.m */ = {isa = PBXFileReference; fileEncoding = 4; lastKnownFileType = sourcecode.c.objc; path = SMBll.m; sourceTree = "<group>"; };
		FE8CF8E81B7D6AF7002A1A92 /* NSObject+SM.h */ = {isa = PBXFileReference; fileEncoding = 4; lastKnownFileType = sourcecode.c.h; path = "NSObject+SM.h"; sourceTree = "<group>"; };
		FE8CF8E91B7D6AF7002A1A92 /* NSObject+SM.m */ = {isa = PBXFileReference; fileEncoding = 4; lastKnownFileType = sourcecode.c.objc; path = "NSObject+SM.m"; sourceTree = "<group>"; };
		FE8CF8EA1B7D6AF7002A1A92 /* NSString+SM.h */ = {isa = PBXFileReference; fileEncoding = 4; lastKnownFileType = sourcecode.c.h; path = "NSString+SM.h"; sourceTree = "<group>"; };
		FE8CF8EB1B7D6AF7002A1A92 /* NSString+SM.m */ = {isa = PBXFileReference; fileEncoding = 4; lastKnownFileType = sourcecode.c.objc; path = "NSString+SM.m"; sourceTree = "<group>"; };
		FE8CF8EC1B7D6AF7002A1A92 /* SMCate.h */ = {isa = PBXFileReference; fileEncoding = 4; lastKnownFileType = sourcecode.c.h; path = SMCate.h; sourceTree = "<group>"; };
		FE8CF8ED1B7D6AF7002A1A92 /* UIDevice+SM.h */ = {isa = PBXFileReference; fileEncoding = 4; lastKnownFileType = sourcecode.c.h; path = "UIDevice+SM.h"; sourceTree = "<group>"; };
		FE8CF8EE1B7D6AF7002A1A92 /* UIDevice+SM.m */ = {isa = PBXFileReference; fileEncoding = 4; lastKnownFileType = sourcecode.c.objc; path = "UIDevice+SM.m"; sourceTree = "<group>"; };
		FE8CF8EF1B7D6AF7002A1A92 /* UITableView+SM.h */ = {isa = PBXFileReference; fileEncoding = 4; lastKnownFileType = sourcecode.c.h; path = "UITableView+SM.h"; sourceTree = "<group>"; };
		FE8CF8F01B7D6AF7002A1A92 /* UITableView+SM.m */ = {isa = PBXFileReference; fileEncoding = 4; lastKnownFileType = sourcecode.c.objc; path = "UITableView+SM.m"; sourceTree = "<group>"; };
		FE8CF8F11B7D6AF7002A1A92 /* UIView+SM.h */ = {isa = PBXFileReference; fileEncoding = 4; lastKnownFileType = sourcecode.c.h; path = "UIView+SM.h"; sourceTree = "<group>"; };
		FE8CF8F21B7D6AF7002A1A92 /* UIView+SM.m */ = {isa = PBXFileReference; fileEncoding = 4; lastKnownFileType = sourcecode.c.objc; path = "UIView+SM.m"; sourceTree = "<group>"; };
		FE8CF8F31B7D6AF7002A1A92 /* UIView+SMFrame.h */ = {isa = PBXFileReference; fileEncoding = 4; lastKnownFileType = sourcecode.c.h; path = "UIView+SMFrame.h"; sourceTree = "<group>"; };
		FE8CF8F41B7D6AF7002A1A92 /* UIView+SMFrame.m */ = {isa = PBXFileReference; fileEncoding = 4; lastKnownFileType = sourcecode.c.objc; path = "UIView+SMFrame.m"; sourceTree = "<group>"; };
		FE8CF8F51B7D6AF7002A1A92 /* SMConfig.h */ = {isa = PBXFileReference; fileEncoding = 4; lastKnownFileType = sourcecode.c.h; path = SMConfig.h; sourceTree = "<group>"; };
		FE8CF8F81B7D6AF7002A1A92 /* SMAPI.h */ = {isa = PBXFileReference; fileEncoding = 4; lastKnownFileType = sourcecode.c.h; path = SMAPI.h; sourceTree = "<group>"; };
		FE8CF8F91B7D6AF7002A1A92 /* SMAPI.m */ = {isa = PBXFileReference; fileEncoding = 4; lastKnownFileType = sourcecode.c.objc; path = SMAPI.m; sourceTree = "<group>"; };
		FE8CF8FB1B7D6AF7002A1A92 /* SMDAO.h */ = {isa = PBXFileReference; fileEncoding = 4; lastKnownFileType = sourcecode.c.h; path = SMDAO.h; sourceTree = "<group>"; };
		FE8CF8FC1B7D6AF7002A1A92 /* SMDAO.m */ = {isa = PBXFileReference; fileEncoding = 4; lastKnownFileType = sourcecode.c.objc; path = SMDAO.m; sourceTree = "<group>"; };
		FE8CF8FD1B7D6AF7002A1A92 /* SMFrameWork.h */ = {isa = PBXFileReference; fileEncoding = 4; lastKnownFileType = sourcecode.c.h; path = SMFrameWork.h; sourceTree = "<group>"; };
		FE8CF8FF1B7D6AF7002A1A92 /* BusinessHeader.h */ = {isa = PBXFileReference; fileEncoding = 4; lastKnownFileType = sourcecode.c.h; path = BusinessHeader.h; sourceTree = "<group>"; };
		FE8CF9001B7D6AF7002A1A92 /* DataHeader.h */ = {isa = PBXFileReference; fileEncoding = 4; lastKnownFileType = sourcecode.c.h; path = DataHeader.h; sourceTree = "<group>"; };
		FE8CF9011B7D6AF7002A1A92 /* SMHeader.h */ = {isa = PBXFileReference; fileEncoding = 4; lastKnownFileType = sourcecode.c.h; path = SMHeader.h; sourceTree = "<group>"; };
		FE8CF9021B7D6AF7002A1A92 /* UIHeader.h */ = {isa = PBXFileReference; fileEncoding = 4; lastKnownFileType = sourcecode.c.h; path = UIHeader.h; sourceTree = "<group>"; };
		FE8CF9041B7D6AF7002A1A92 /* SMLog.h */ = {isa = PBXFileReference; fileEncoding = 4; lastKnownFileType = sourcecode.c.h; path = SMLog.h; sourceTree = "<group>"; };
		FE8CF9051B7D6AF7002A1A92 /* SMLogConfig.h */ = {isa = PBXFileReference; fileEncoding = 4; lastKnownFileType = sourcecode.c.h; path = SMLogConfig.h; sourceTree = "<group>"; };
		FE8CF9061B7D6AF7002A1A92 /* SMLogKey.h */ = {isa = PBXFileReference; fileEncoding = 4; lastKnownFileType = sourcecode.c.h; path = SMLogKey.h; sourceTree = "<group>"; };
		FE8CF9071B7D6AF7002A1A92 /* SMLogSys.h */ = {isa = PBXFileReference; fileEncoding = 4; lastKnownFileType = sourcecode.c.h; path = SMLogSys.h; sourceTree = "<group>"; };
		FE8CF9081B7D6AF7002A1A92 /* SMLogSys.m */ = {isa = PBXFileReference; fileEncoding = 4; lastKnownFileType = sourcecode.c.objc; path = SMLogSys.m; sourceTree = "<group>"; };
		FE8CF90A1B7D6AF7002A1A92 /* SMModel.h */ = {isa = PBXFileReference; fileEncoding = 4; lastKnownFileType = sourcecode.c.h; path = SMModel.h; sourceTree = "<group>"; };
		FE8CF90B1B7D6AF7002A1A92 /* SMModel.m */ = {isa = PBXFileReference; fileEncoding = 4; lastKnownFileType = sourcecode.c.objc; path = SMModel.m; sourceTree = "<group>"; };
		FE8CF90E1B7D6AF7002A1A92 /* SMAFNClient.h */ = {isa = PBXFileReference; fileEncoding = 4; lastKnownFileType = sourcecode.c.h; path = SMAFNClient.h; sourceTree = "<group>"; };
		FE8CF90F1B7D6AF7002A1A92 /* SMAFNClient.m */ = {isa = PBXFileReference; fileEncoding = 4; lastKnownFileType = sourcecode.c.objc; path = SMAFNClient.m; sourceTree = "<group>"; };
		FE8CF9111B7D6AF7002A1A92 /* SMNetManager.h */ = {isa = PBXFileReference; fileEncoding = 4; lastKnownFileType = sourcecode.c.h; path = SMNetManager.h; sourceTree = "<group>"; };
		FE8CF9121B7D6AF7002A1A92 /* SMNetManager.m */ = {isa = PBXFileReference; fileEncoding = 4; lastKnownFileType = sourcecode.c.objc; path = SMNetManager.m; sourceTree = "<group>"; };
		FE8CF9131B7D6AF7002A1A92 /* SMRequestQueue.h */ = {isa = PBXFileReference; fileEncoding = 4; lastKnownFileType = sourcecode.c.h; path = SMRequestQueue.h; sourceTree = "<group>"; };
		FE8CF9141B7D6AF7002A1A92 /* SMRequestQueue.m */ = {isa = PBXFileReference; fileEncoding = 4; lastKnownFileType = sourcecode.c.objc; path = SMRequestQueue.m; sourceTree = "<group>"; };
		FE8CF9151B7D6AF7002A1A92 /* SMUrlRequest+SM.h */ = {isa = PBXFileReference; fileEncoding = 4; lastKnownFileType = sourcecode.c.h; path = "SMUrlRequest+SM.h"; sourceTree = "<group>"; };
		FE8CF9161B7D6AF7002A1A92 /* SMUrlRequest+SM.m */ = {isa = PBXFileReference; fileEncoding = 4; lastKnownFileType = sourcecode.c.objc; path = "SMUrlRequest+SM.m"; sourceTree = "<group>"; };
		FE8CF9181B7D6AF7002A1A92 /* SMUrlRequest.h */ = {isa = PBXFileReference; fileEncoding = 4; lastKnownFileType = sourcecode.c.h; path = SMUrlRequest.h; sourceTree = "<group>"; };
		FE8CF9191B7D6AF7002A1A92 /* SMUrlRequest.m */ = {isa = PBXFileReference; fileEncoding = 4; lastKnownFileType = sourcecode.c.objc; path = SMUrlRequest.m; sourceTree = "<group>"; };
		FE8CF9451B7D6AF7002A1A92 /* FMDatabase.h */ = {isa = PBXFileReference; fileEncoding = 4; lastKnownFileType = sourcecode.c.h; path = FMDatabase.h; sourceTree = "<group>"; };
		FE8CF9461B7D6AF7002A1A92 /* FMDatabase.m */ = {isa = PBXFileReference; fileEncoding = 4; lastKnownFileType = sourcecode.c.objc; path = FMDatabase.m; sourceTree = "<group>"; };
		FE8CF9471B7D6AF7002A1A92 /* FMDatabaseAdditions.h */ = {isa = PBXFileReference; fileEncoding = 4; lastKnownFileType = sourcecode.c.h; path = FMDatabaseAdditions.h; sourceTree = "<group>"; };
		FE8CF9481B7D6AF7002A1A92 /* FMDatabaseAdditions.m */ = {isa = PBXFileReference; fileEncoding = 4; lastKnownFileType = sourcecode.c.objc; path = FMDatabaseAdditions.m; sourceTree = "<group>"; };
		FE8CF9491B7D6AF7002A1A92 /* FMDatabasePool.h */ = {isa = PBXFileReference; fileEncoding = 4; lastKnownFileType = sourcecode.c.h; path = FMDatabasePool.h; sourceTree = "<group>"; };
		FE8CF94A1B7D6AF7002A1A92 /* FMDatabasePool.m */ = {isa = PBXFileReference; fileEncoding = 4; lastKnownFileType = sourcecode.c.objc; path = FMDatabasePool.m; sourceTree = "<group>"; };
		FE8CF94B1B7D6AF7002A1A92 /* FMDatabaseQueue.h */ = {isa = PBXFileReference; fileEncoding = 4; lastKnownFileType = sourcecode.c.h; path = FMDatabaseQueue.h; sourceTree = "<group>"; };
		FE8CF94C1B7D6AF7002A1A92 /* FMDatabaseQueue.m */ = {isa = PBXFileReference; fileEncoding = 4; lastKnownFileType = sourcecode.c.objc; path = FMDatabaseQueue.m; sourceTree = "<group>"; };
		FE8CF94D1B7D6AF7002A1A92 /* FMDB.h */ = {isa = PBXFileReference; fileEncoding = 4; lastKnownFileType = sourcecode.c.h; path = FMDB.h; sourceTree = "<group>"; };
		FE8CF94E1B7D6AF7002A1A92 /* FMResultSet.h */ = {isa = PBXFileReference; fileEncoding = 4; lastKnownFileType = sourcecode.c.h; path = FMResultSet.h; sourceTree = "<group>"; };
		FE8CF94F1B7D6AF7002A1A92 /* FMResultSet.m */ = {isa = PBXFileReference; fileEncoding = 4; lastKnownFileType = sourcecode.c.objc; path = FMResultSet.m; sourceTree = "<group>"; };
		FE8CF9511B7D6AF7002A1A92 /* MJRefresh.bundle */ = {isa = PBXFileReference; lastKnownFileType = "wrapper.plug-in"; path = MJRefresh.bundle; sourceTree = "<group>"; };
		FE8CF9521B7D6AF7002A1A92 /* MJRefresh.h */ = {isa = PBXFileReference; fileEncoding = 4; lastKnownFileType = sourcecode.c.h; path = MJRefresh.h; sourceTree = "<group>"; };
		FE8CF9531B7D6AF7002A1A92 /* MJRefreshComponent.h */ = {isa = PBXFileReference; fileEncoding = 4; lastKnownFileType = sourcecode.c.h; path = MJRefreshComponent.h; sourceTree = "<group>"; };
		FE8CF9541B7D6AF7002A1A92 /* MJRefreshComponent.m */ = {isa = PBXFileReference; fileEncoding = 4; lastKnownFileType = sourcecode.c.objc; path = MJRefreshComponent.m; sourceTree = "<group>"; };
		FE8CF9551B7D6AF7002A1A92 /* MJRefreshConst.h */ = {isa = PBXFileReference; fileEncoding = 4; lastKnownFileType = sourcecode.c.h; path = MJRefreshConst.h; sourceTree = "<group>"; };
		FE8CF9561B7D6AF7002A1A92 /* MJRefreshConst.m */ = {isa = PBXFileReference; fileEncoding = 4; lastKnownFileType = sourcecode.c.objc; path = MJRefreshConst.m; sourceTree = "<group>"; };
		FE8CF9571B7D6AF7002A1A92 /* MJRefreshFooter.h */ = {isa = PBXFileReference; fileEncoding = 4; lastKnownFileType = sourcecode.c.h; path = MJRefreshFooter.h; sourceTree = "<group>"; };
		FE8CF9581B7D6AF7002A1A92 /* MJRefreshFooter.m */ = {isa = PBXFileReference; fileEncoding = 4; lastKnownFileType = sourcecode.c.objc; path = MJRefreshFooter.m; sourceTree = "<group>"; };
		FE8CF9591B7D6AF7002A1A92 /* MJRefreshGifFooter.h */ = {isa = PBXFileReference; fileEncoding = 4; lastKnownFileType = sourcecode.c.h; path = MJRefreshGifFooter.h; sourceTree = "<group>"; };
		FE8CF95A1B7D6AF7002A1A92 /* MJRefreshGifFooter.m */ = {isa = PBXFileReference; fileEncoding = 4; lastKnownFileType = sourcecode.c.objc; path = MJRefreshGifFooter.m; sourceTree = "<group>"; };
		FE8CF95B1B7D6AF7002A1A92 /* MJRefreshGifHeader.h */ = {isa = PBXFileReference; fileEncoding = 4; lastKnownFileType = sourcecode.c.h; path = MJRefreshGifHeader.h; sourceTree = "<group>"; };
		FE8CF95C1B7D6AF7002A1A92 /* MJRefreshGifHeader.m */ = {isa = PBXFileReference; fileEncoding = 4; lastKnownFileType = sourcecode.c.objc; path = MJRefreshGifHeader.m; sourceTree = "<group>"; };
		FE8CF95D1B7D6AF7002A1A92 /* MJRefreshHeader.h */ = {isa = PBXFileReference; fileEncoding = 4; lastKnownFileType = sourcecode.c.h; path = MJRefreshHeader.h; sourceTree = "<group>"; };
		FE8CF95E1B7D6AF7002A1A92 /* MJRefreshHeader.m */ = {isa = PBXFileReference; fileEncoding = 4; lastKnownFileType = sourcecode.c.objc; path = MJRefreshHeader.m; sourceTree = "<group>"; };
		FE8CF95F1B7D6AF7002A1A92 /* MJRefreshLegendFooter.h */ = {isa = PBXFileReference; fileEncoding = 4; lastKnownFileType = sourcecode.c.h; path = MJRefreshLegendFooter.h; sourceTree = "<group>"; };
		FE8CF9601B7D6AF7002A1A92 /* MJRefreshLegendFooter.m */ = {isa = PBXFileReference; fileEncoding = 4; lastKnownFileType = sourcecode.c.objc; path = MJRefreshLegendFooter.m; sourceTree = "<group>"; };
		FE8CF9611B7D6AF7002A1A92 /* MJRefreshLegendHeader.h */ = {isa = PBXFileReference; fileEncoding = 4; lastKnownFileType = sourcecode.c.h; path = MJRefreshLegendHeader.h; sourceTree = "<group>"; };
		FE8CF9621B7D6AF7002A1A92 /* MJRefreshLegendHeader.m */ = {isa = PBXFileReference; fileEncoding = 4; lastKnownFileType = sourcecode.c.objc; path = MJRefreshLegendHeader.m; sourceTree = "<group>"; };
		FE8CF9631B7D6AF7002A1A92 /* UIScrollView+MJExtension.h */ = {isa = PBXFileReference; fileEncoding = 4; lastKnownFileType = sourcecode.c.h; path = "UIScrollView+MJExtension.h"; sourceTree = "<group>"; };
		FE8CF9641B7D6AF7002A1A92 /* UIScrollView+MJExtension.m */ = {isa = PBXFileReference; fileEncoding = 4; lastKnownFileType = sourcecode.c.objc; path = "UIScrollView+MJExtension.m"; sourceTree = "<group>"; };
		FE8CF9651B7D6AF7002A1A92 /* UIScrollView+MJRefresh.h */ = {isa = PBXFileReference; fileEncoding = 4; lastKnownFileType = sourcecode.c.h; path = "UIScrollView+MJRefresh.h"; sourceTree = "<group>"; };
		FE8CF9661B7D6AF7002A1A92 /* UIScrollView+MJRefresh.m */ = {isa = PBXFileReference; fileEncoding = 4; lastKnownFileType = sourcecode.c.objc; path = "UIScrollView+MJRefresh.m"; sourceTree = "<group>"; };
		FE8CF9671B7D6AF7002A1A92 /* UIView+MJExtension.h */ = {isa = PBXFileReference; fileEncoding = 4; lastKnownFileType = sourcecode.c.h; path = "UIView+MJExtension.h"; sourceTree = "<group>"; };
		FE8CF9681B7D6AF7002A1A92 /* UIView+MJExtension.m */ = {isa = PBXFileReference; fileEncoding = 4; lastKnownFileType = sourcecode.c.objc; path = "UIView+MJExtension.m"; sourceTree = "<group>"; };
		FE8CF9BE1B7D6F46002A1A92 /* Info.plist */ = {isa = PBXFileReference; fileEncoding = 4; lastKnownFileType = text.plist.xml; path = Info.plist; sourceTree = "<group>"; };
		FE8CF9BF1B7D6F46002A1A92 /* SMPrefixHeader.pch */ = {isa = PBXFileReference; fileEncoding = 4; lastKnownFileType = sourcecode.c.h; path = SMPrefixHeader.pch; sourceTree = "<group>"; };
		FE8CF9C51B7D728D002A1A92 /* MainViewController.h */ = {isa = PBXFileReference; fileEncoding = 4; lastKnownFileType = sourcecode.c.h; path = MainViewController.h; sourceTree = "<group>"; };
		FE8CF9C61B7D728D002A1A92 /* MainViewController.m */ = {isa = PBXFileReference; fileEncoding = 4; lastKnownFileType = sourcecode.c.objc; path = MainViewController.m; sourceTree = "<group>"; };
		FE8CF9C81B7D7343002A1A92 /* JokeBll.h */ = {isa = PBXFileReference; fileEncoding = 4; lastKnownFileType = sourcecode.c.h; path = JokeBll.h; sourceTree = "<group>"; };
		FE8CF9C91B7D7343002A1A92 /* JokeBll.m */ = {isa = PBXFileReference; fileEncoding = 4; lastKnownFileType = sourcecode.c.objc; path = JokeBll.m; sourceTree = "<group>"; };
		FE8CF9CB1B7D73F1002A1A92 /* JokeAPI.h */ = {isa = PBXFileReference; fileEncoding = 4; lastKnownFileType = sourcecode.c.h; path = JokeAPI.h; sourceTree = "<group>"; };
		FE8CF9CC1B7D73F1002A1A92 /* JokeAPI.m */ = {isa = PBXFileReference; fileEncoding = 4; lastKnownFileType = sourcecode.c.objc; path = JokeAPI.m; sourceTree = "<group>"; };
		FE8CF9CE1B7D73FE002A1A92 /* JokeDao.h */ = {isa = PBXFileReference; fileEncoding = 4; lastKnownFileType = sourcecode.c.h; path = JokeDao.h; sourceTree = "<group>"; };
		FE8CF9CF1B7D73FE002A1A92 /* JokeDao.m */ = {isa = PBXFileReference; fileEncoding = 4; lastKnownFileType = sourcecode.c.objc; path = JokeDao.m; sourceTree = "<group>"; };
		FE8CF9D21B7D785F002A1A92 /* JokeDetailViewController.h */ = {isa = PBXFileReference; fileEncoding = 4; lastKnownFileType = sourcecode.c.h; path = JokeDetailViewController.h; sourceTree = "<group>"; };
		FE8CF9D31B7D785F002A1A92 /* JokeDetailViewController.m */ = {isa = PBXFileReference; fileEncoding = 4; lastKnownFileType = sourcecode.c.objc; path = JokeDetailViewController.m; sourceTree = "<group>"; };
		FEA6CCDA1B8043750087F9DA /* AFHTTPRequestOperation.h */ = {isa = PBXFileReference; fileEncoding = 4; lastKnownFileType = sourcecode.c.h; path = AFHTTPRequestOperation.h; sourceTree = "<group>"; };
		FEA6CCDB1B8043750087F9DA /* AFHTTPRequestOperation.m */ = {isa = PBXFileReference; fileEncoding = 4; lastKnownFileType = sourcecode.c.objc; path = AFHTTPRequestOperation.m; sourceTree = "<group>"; };
		FEA6CCDC1B8043750087F9DA /* AFHTTPRequestOperationManager.h */ = {isa = PBXFileReference; fileEncoding = 4; lastKnownFileType = sourcecode.c.h; path = AFHTTPRequestOperationManager.h; sourceTree = "<group>"; };
		FEA6CCDD1B8043750087F9DA /* AFHTTPRequestOperationManager.m */ = {isa = PBXFileReference; fileEncoding = 4; lastKnownFileType = sourcecode.c.objc; path = AFHTTPRequestOperationManager.m; sourceTree = "<group>"; };
		FEA6CCDE1B8043750087F9DA /* AFHTTPSessionManager.h */ = {isa = PBXFileReference; fileEncoding = 4; lastKnownFileType = sourcecode.c.h; path = AFHTTPSessionManager.h; sourceTree = "<group>"; };
		FEA6CCDF1B8043750087F9DA /* AFHTTPSessionManager.m */ = {isa = PBXFileReference; fileEncoding = 4; lastKnownFileType = sourcecode.c.objc; path = AFHTTPSessionManager.m; sourceTree = "<group>"; };
		FEA6CCE01B8043750087F9DA /* AFNetworking.h */ = {isa = PBXFileReference; fileEncoding = 4; lastKnownFileType = sourcecode.c.h; path = AFNetworking.h; sourceTree = "<group>"; };
		FEA6CCE11B8043750087F9DA /* AFNetworkReachabilityManager.h */ = {isa = PBXFileReference; fileEncoding = 4; lastKnownFileType = sourcecode.c.h; path = AFNetworkReachabilityManager.h; sourceTree = "<group>"; };
		FEA6CCE21B8043750087F9DA /* AFNetworkReachabilityManager.m */ = {isa = PBXFileReference; fileEncoding = 4; lastKnownFileType = sourcecode.c.objc; path = AFNetworkReachabilityManager.m; sourceTree = "<group>"; };
		FEA6CCE31B8043750087F9DA /* AFSecurityPolicy.h */ = {isa = PBXFileReference; fileEncoding = 4; lastKnownFileType = sourcecode.c.h; path = AFSecurityPolicy.h; sourceTree = "<group>"; };
		FEA6CCE41B8043750087F9DA /* AFSecurityPolicy.m */ = {isa = PBXFileReference; fileEncoding = 4; lastKnownFileType = sourcecode.c.objc; path = AFSecurityPolicy.m; sourceTree = "<group>"; };
		FEA6CCE51B8043750087F9DA /* AFURLConnectionOperation.h */ = {isa = PBXFileReference; fileEncoding = 4; lastKnownFileType = sourcecode.c.h; path = AFURLConnectionOperation.h; sourceTree = "<group>"; };
		FEA6CCE61B8043750087F9DA /* AFURLConnectionOperation.m */ = {isa = PBXFileReference; fileEncoding = 4; lastKnownFileType = sourcecode.c.objc; path = AFURLConnectionOperation.m; sourceTree = "<group>"; };
		FEA6CCE71B8043750087F9DA /* AFURLRequestSerialization.h */ = {isa = PBXFileReference; fileEncoding = 4; lastKnownFileType = sourcecode.c.h; path = AFURLRequestSerialization.h; sourceTree = "<group>"; };
		FEA6CCE81B8043750087F9DA /* AFURLRequestSerialization.m */ = {isa = PBXFileReference; fileEncoding = 4; lastKnownFileType = sourcecode.c.objc; path = AFURLRequestSerialization.m; sourceTree = "<group>"; };
		FEA6CCE91B8043750087F9DA /* AFURLResponseSerialization.h */ = {isa = PBXFileReference; fileEncoding = 4; lastKnownFileType = sourcecode.c.h; path = AFURLResponseSerialization.h; sourceTree = "<group>"; };
		FEA6CCEA1B8043750087F9DA /* AFURLResponseSerialization.m */ = {isa = PBXFileReference; fileEncoding = 4; lastKnownFileType = sourcecode.c.objc; path = AFURLResponseSerialization.m; sourceTree = "<group>"; };
		FEA6CCEB1B8043750087F9DA /* AFURLSessionManager.h */ = {isa = PBXFileReference; fileEncoding = 4; lastKnownFileType = sourcecode.c.h; path = AFURLSessionManager.h; sourceTree = "<group>"; };
		FEA6CCEC1B8043750087F9DA /* AFURLSessionManager.m */ = {isa = PBXFileReference; fileEncoding = 4; lastKnownFileType = sourcecode.c.objc; path = AFURLSessionManager.m; sourceTree = "<group>"; };
		FEA7537F1B89087300533B89 /* SMAttributiesModel.h */ = {isa = PBXFileReference; fileEncoding = 4; lastKnownFileType = sourcecode.c.h; path = SMAttributiesModel.h; sourceTree = "<group>"; };
		FEA753801B89087300533B89 /* SMAttributiesModel.m */ = {isa = PBXFileReference; fileEncoding = 4; lastKnownFileType = sourcecode.c.objc; path = SMAttributiesModel.m; sourceTree = "<group>"; };
		FEA753811B89087300533B89 /* UIView+SMAttributies.h */ = {isa = PBXFileReference; fileEncoding = 4; lastKnownFileType = sourcecode.c.h; path = "UIView+SMAttributies.h"; sourceTree = "<group>"; };
		FEA753821B89087300533B89 /* UIView+SMAttributies.m */ = {isa = PBXFileReference; fileEncoding = 4; lastKnownFileType = sourcecode.c.objc; path = "UIView+SMAttributies.m"; sourceTree = "<group>"; };
		FEA753851B89089000533B89 /* sample.json */ = {isa = PBXFileReference; fileEncoding = 4; lastKnownFileType = text.json; path = sample.json; sourceTree = "<group>"; };
		FEA7538A1B89095000533B89 /* MainViewController.json */ = {isa = PBXFileReference; fileEncoding = 4; lastKnownFileType = text.json; path = MainViewController.json; sourceTree = "<group>"; };
		FEA7538C1B890C5000533B89 /* JokesViewController.json */ = {isa = PBXFileReference; fileEncoding = 4; lastKnownFileType = text.json; path = JokesViewController.json; sourceTree = "<group>"; };
		FEA7538E1B890C7700533B89 /* JokeDetailViewController.json */ = {isa = PBXFileReference; fileEncoding = 4; lastKnownFileType = text.json; path = JokeDetailViewController.json; sourceTree = "<group>"; };
		FEA753901B890F9300533B89 /* JokeView.json */ = {isa = PBXFileReference; fileEncoding = 4; lastKnownFileType = text.json; path = JokeView.json; sourceTree = "<group>"; };
		FEAFBE5A1B808C6B007D4143 /* MKAnnotationView+WebCache.h */ = {isa = PBXFileReference; fileEncoding = 4; lastKnownFileType = sourcecode.c.h; path = "MKAnnotationView+WebCache.h"; sourceTree = "<group>"; };
		FEAFBE5B1B808C6B007D4143 /* MKAnnotationView+WebCache.m */ = {isa = PBXFileReference; fileEncoding = 4; lastKnownFileType = sourcecode.c.objc; path = "MKAnnotationView+WebCache.m"; sourceTree = "<group>"; };
		FEAFBE5C1B808C6B007D4143 /* NSData+ImageContentType.h */ = {isa = PBXFileReference; fileEncoding = 4; lastKnownFileType = sourcecode.c.h; path = "NSData+ImageContentType.h"; sourceTree = "<group>"; };
		FEAFBE5D1B808C6B007D4143 /* NSData+ImageContentType.m */ = {isa = PBXFileReference; fileEncoding = 4; lastKnownFileType = sourcecode.c.objc; path = "NSData+ImageContentType.m"; sourceTree = "<group>"; };
		FEAFBE5E1B808C6B007D4143 /* SDImageCache.h */ = {isa = PBXFileReference; fileEncoding = 4; lastKnownFileType = sourcecode.c.h; path = SDImageCache.h; sourceTree = "<group>"; };
		FEAFBE5F1B808C6B007D4143 /* SDImageCache.m */ = {isa = PBXFileReference; fileEncoding = 4; lastKnownFileType = sourcecode.c.objc; path = SDImageCache.m; sourceTree = "<group>"; };
		FEAFBE601B808C6B007D4143 /* SDWebImageCompat.h */ = {isa = PBXFileReference; fileEncoding = 4; lastKnownFileType = sourcecode.c.h; path = SDWebImageCompat.h; sourceTree = "<group>"; };
		FEAFBE611B808C6B007D4143 /* SDWebImageCompat.m */ = {isa = PBXFileReference; fileEncoding = 4; lastKnownFileType = sourcecode.c.objc; path = SDWebImageCompat.m; sourceTree = "<group>"; };
		FEAFBE621B808C6B007D4143 /* SDWebImageDecoder.h */ = {isa = PBXFileReference; fileEncoding = 4; lastKnownFileType = sourcecode.c.h; path = SDWebImageDecoder.h; sourceTree = "<group>"; };
		FEAFBE631B808C6B007D4143 /* SDWebImageDecoder.m */ = {isa = PBXFileReference; fileEncoding = 4; lastKnownFileType = sourcecode.c.objc; path = SDWebImageDecoder.m; sourceTree = "<group>"; };
		FEAFBE641B808C6B007D4143 /* SDWebImageDownloader.h */ = {isa = PBXFileReference; fileEncoding = 4; lastKnownFileType = sourcecode.c.h; path = SDWebImageDownloader.h; sourceTree = "<group>"; };
		FEAFBE651B808C6B007D4143 /* SDWebImageDownloader.m */ = {isa = PBXFileReference; fileEncoding = 4; lastKnownFileType = sourcecode.c.objc; path = SDWebImageDownloader.m; sourceTree = "<group>"; };
		FEAFBE661B808C6B007D4143 /* SDWebImageDownloaderOperation.h */ = {isa = PBXFileReference; fileEncoding = 4; lastKnownFileType = sourcecode.c.h; path = SDWebImageDownloaderOperation.h; sourceTree = "<group>"; };
		FEAFBE671B808C6B007D4143 /* SDWebImageDownloaderOperation.m */ = {isa = PBXFileReference; fileEncoding = 4; lastKnownFileType = sourcecode.c.objc; path = SDWebImageDownloaderOperation.m; sourceTree = "<group>"; };
		FEAFBE681B808C6B007D4143 /* SDWebImageManager.h */ = {isa = PBXFileReference; fileEncoding = 4; lastKnownFileType = sourcecode.c.h; path = SDWebImageManager.h; sourceTree = "<group>"; };
		FEAFBE691B808C6B007D4143 /* SDWebImageManager.m */ = {isa = PBXFileReference; fileEncoding = 4; lastKnownFileType = sourcecode.c.objc; path = SDWebImageManager.m; sourceTree = "<group>"; };
		FEAFBE6A1B808C6B007D4143 /* SDWebImageOperation.h */ = {isa = PBXFileReference; fileEncoding = 4; lastKnownFileType = sourcecode.c.h; path = SDWebImageOperation.h; sourceTree = "<group>"; };
		FEAFBE6B1B808C6B007D4143 /* SDWebImagePrefetcher.h */ = {isa = PBXFileReference; fileEncoding = 4; lastKnownFileType = sourcecode.c.h; path = SDWebImagePrefetcher.h; sourceTree = "<group>"; };
		FEAFBE6C1B808C6B007D4143 /* SDWebImagePrefetcher.m */ = {isa = PBXFileReference; fileEncoding = 4; lastKnownFileType = sourcecode.c.objc; path = SDWebImagePrefetcher.m; sourceTree = "<group>"; };
		FEAFBE6D1B808C6B007D4143 /* UIButton+WebCache.h */ = {isa = PBXFileReference; fileEncoding = 4; lastKnownFileType = sourcecode.c.h; path = "UIButton+WebCache.h"; sourceTree = "<group>"; };
		FEAFBE6E1B808C6B007D4143 /* UIButton+WebCache.m */ = {isa = PBXFileReference; fileEncoding = 4; lastKnownFileType = sourcecode.c.objc; path = "UIButton+WebCache.m"; sourceTree = "<group>"; };
		FEAFBE6F1B808C6B007D4143 /* UIImage+GIF.h */ = {isa = PBXFileReference; fileEncoding = 4; lastKnownFileType = sourcecode.c.h; path = "UIImage+GIF.h"; sourceTree = "<group>"; };
		FEAFBE701B808C6B007D4143 /* UIImage+GIF.m */ = {isa = PBXFileReference; fileEncoding = 4; lastKnownFileType = sourcecode.c.objc; path = "UIImage+GIF.m"; sourceTree = "<group>"; };
		FEAFBE711B808C6B007D4143 /* UIImage+MultiFormat.h */ = {isa = PBXFileReference; fileEncoding = 4; lastKnownFileType = sourcecode.c.h; path = "UIImage+MultiFormat.h"; sourceTree = "<group>"; };
		FEAFBE721B808C6B007D4143 /* UIImage+MultiFormat.m */ = {isa = PBXFileReference; fileEncoding = 4; lastKnownFileType = sourcecode.c.objc; path = "UIImage+MultiFormat.m"; sourceTree = "<group>"; };
		FEAFBE731B808C6B007D4143 /* UIImage+WebP.h */ = {isa = PBXFileReference; fileEncoding = 4; lastKnownFileType = sourcecode.c.h; path = "UIImage+WebP.h"; sourceTree = "<group>"; };
		FEAFBE741B808C6B007D4143 /* UIImage+WebP.m */ = {isa = PBXFileReference; fileEncoding = 4; lastKnownFileType = sourcecode.c.objc; path = "UIImage+WebP.m"; sourceTree = "<group>"; };
		FEAFBE751B808C6B007D4143 /* UIImageView+HighlightedWebCache.h */ = {isa = PBXFileReference; fileEncoding = 4; lastKnownFileType = sourcecode.c.h; path = "UIImageView+HighlightedWebCache.h"; sourceTree = "<group>"; };
		FEAFBE761B808C6B007D4143 /* UIImageView+HighlightedWebCache.m */ = {isa = PBXFileReference; fileEncoding = 4; lastKnownFileType = sourcecode.c.objc; path = "UIImageView+HighlightedWebCache.m"; sourceTree = "<group>"; };
		FEAFBE771B808C6B007D4143 /* UIImageView+WebCache.h */ = {isa = PBXFileReference; fileEncoding = 4; lastKnownFileType = sourcecode.c.h; path = "UIImageView+WebCache.h"; sourceTree = "<group>"; };
		FEAFBE781B808C6B007D4143 /* UIImageView+WebCache.m */ = {isa = PBXFileReference; fileEncoding = 4; lastKnownFileType = sourcecode.c.objc; path = "UIImageView+WebCache.m"; sourceTree = "<group>"; };
		FEAFBE791B808C6B007D4143 /* UIView+WebCacheOperation.h */ = {isa = PBXFileReference; fileEncoding = 4; lastKnownFileType = sourcecode.c.h; path = "UIView+WebCacheOperation.h"; sourceTree = "<group>"; };
		FEAFBE7A1B808C6B007D4143 /* UIView+WebCacheOperation.m */ = {isa = PBXFileReference; fileEncoding = 4; lastKnownFileType = sourcecode.c.objc; path = "UIView+WebCacheOperation.m"; sourceTree = "<group>"; };
		FEF8139F1BA464A800BA83D3 /* SMDBHelper.h */ = {isa = PBXFileReference; fileEncoding = 4; lastKnownFileType = sourcecode.c.h; path = SMDBHelper.h; sourceTree = "<group>"; };
		FEF813A01BA464A800BA83D3 /* SMDBHelper.m */ = {isa = PBXFileReference; fileEncoding = 4; lastKnownFileType = sourcecode.c.objc; path = SMDBHelper.m; sourceTree = "<group>"; };
/* End PBXFileReference section */

/* Begin PBXFrameworksBuildPhase section */
		FE8CF8771B7CCFC2002A1A92 /* Frameworks */ = {
			isa = PBXFrameworksBuildPhase;
			buildActionMask = 2147483647;
			files = (
				570F087C1B81A4130068AC99 /* libsqlite3.dylib in Frameworks */,
			);
			runOnlyForDeploymentPostprocessing = 0;
		};
/* End PBXFrameworksBuildPhase section */

/* Begin PBXGroup section */
		570F087D1B81A5270068AC99 /* Views */ = {
			isa = PBXGroup;
			children = (
				570F087E1B81A5480068AC99 /* JokeView.h */,
				570F087F1B81A5480068AC99 /* JokeView.m */,
			);
			path = Views;
			sourceTree = "<group>";
		};
		FE664BFE1BA531F80074B3FF /* MBProgressHUD */ = {
			isa = PBXGroup;
			children = (
				FE664BFF1BA531F80074B3FF /* MBProgressHUD.h */,
				FE664C001BA531F80074B3FF /* MBProgressHUD.m */,
			);
			path = MBProgressHUD;
			sourceTree = "<group>";
		};
		FE7D33291B7E356200CE6284 /* Movies */ = {
			isa = PBXGroup;
			children = (
			);
			path = Movies;
			sourceTree = "<group>";
		};
		FE8CF8711B7CCFC2002A1A92 = {
			isa = PBXGroup;
			children = (
				FE8CF8DF1B7D6AF7002A1A92 /* SMFrameWork */,
				FE8CF8A71B7D6AF7002A1A92 /* SMClass */,
				FE8CF87B1B7CCFC2002A1A92 /* Products */,
				FE0ECE4F1B7FCE1000B3B37D /* Images.xcassets */,
				570F087B1B81A4130068AC99 /* libsqlite3.dylib */,
			);
			sourceTree = "<group>";
		};
		FE8CF87B1B7CCFC2002A1A92 /* Products */ = {
			isa = PBXGroup;
			children = (
				FE8CF87A1B7CCFC2002A1A92 /* Hahaha.app */,
			);
			name = Products;
			sourceTree = "<group>";
		};
		FE8CF8A71B7D6AF7002A1A92 /* SMClass */ = {
			isa = PBXGroup;
			children = (
				FE8CF8A81B7D6AF7002A1A92 /* BaseClass */,
				FE8CF8B71B7D6AF7002A1A92 /* Bll */,
				FE8CF8BA1B7D6AF7002A1A92 /* Dal */,
				FE8CF8C11B7D6AF7002A1A92 /* Data */,
				FE8CF8C61B7D6AF7002A1A92 /* Main */,
				FE8CF8CD1B7D6AF7002A1A92 /* Model */,
				FE8CF8D41B7D6AF7002A1A92 /* Third */,
				FE8CF8DA1B7D6AF7002A1A92 /* Util */,
				FEA753871B8908C300533B89 /* Frames */,
				FE8CF9BD1B7D6F46002A1A92 /* Supporting Files */,
			);
			path = SMClass;
			sourceTree = "<group>";
		};
		FE8CF8A81B7D6AF7002A1A92 /* BaseClass */ = {
			isa = PBXGroup;
			children = (
				FE8CF8A91B7D6AF7002A1A92 /* fromSystem */,
				FE8CF8B61B7D6AF7002A1A92 /* SMBaseClassHeader.h */,
			);
			path = BaseClass;
			sourceTree = "<group>";
		};
		FE8CF8A91B7D6AF7002A1A92 /* fromSystem */ = {
			isa = PBXGroup;
			children = (
				FE8CF8AA1B7D6AF7002A1A92 /* SMButton.h */,
				FE8CF8AB1B7D6AF7002A1A92 /* SMButton.m */,
				FE8CF8AC1B7D6AF7002A1A92 /* SMLabel.h */,
				FE8CF8AD1B7D6AF7002A1A92 /* SMLabel.m */,
				FE8CF8AE1B7D6AF7002A1A92 /* SMNavigationController.h */,
				FE8CF8AF1B7D6AF7002A1A92 /* SMNavigationController.m */,
				FE8CF8B01B7D6AF7002A1A92 /* SMTableView.h */,
				FE8CF8B11B7D6AF7002A1A92 /* SMTableView.m */,
				FE8CF8B21B7D6AF7002A1A92 /* SMTextField.h */,
				FE8CF8B31B7D6AF7002A1A92 /* SMTextField.m */,
				FE8CF8B41B7D6AF7002A1A92 /* SMViewController.h */,
				FE8CF8B51B7D6AF7002A1A92 /* SMViewController.m */,
			);
			path = fromSystem;
			sourceTree = "<group>";
		};
		FE8CF8B71B7D6AF7002A1A92 /* Bll */ = {
			isa = PBXGroup;
			children = (
				FE8CF9C81B7D7343002A1A92 /* JokeBll.h */,
				FE8CF9C91B7D7343002A1A92 /* JokeBll.m */,
			);
			path = Bll;
			sourceTree = "<group>";
		};
		FE8CF8BA1B7D6AF7002A1A92 /* Dal */ = {
			isa = PBXGroup;
			children = (
				FE8CF8BB1B7D6AF7002A1A92 /* API */,
				FE8CF8BE1B7D6AF7002A1A92 /* DB */,
			);
			path = Dal;
			sourceTree = "<group>";
		};
		FE8CF8BB1B7D6AF7002A1A92 /* API */ = {
			isa = PBXGroup;
			children = (
				FE8CF9CB1B7D73F1002A1A92 /* JokeAPI.h */,
				FE8CF9CC1B7D73F1002A1A92 /* JokeAPI.m */,
			);
			path = API;
			sourceTree = "<group>";
		};
		FE8CF8BE1B7D6AF7002A1A92 /* DB */ = {
			isa = PBXGroup;
			children = (
				FE8CF9CE1B7D73FE002A1A92 /* JokeDao.h */,
				FE8CF9CF1B7D73FE002A1A92 /* JokeDao.m */,
			);
			path = DB;
			sourceTree = "<group>";
		};
		FE8CF8C11B7D6AF7002A1A92 /* Data */ = {
			isa = PBXGroup;
			children = (
				FE8CF8C21B7D6AF7002A1A92 /* DB */,
				FE8CF8C41B7D6AF7002A1A92 /* Local */,
			);
			path = Data;
			sourceTree = "<group>";
		};
		FE8CF8C21B7D6AF7002A1A92 /* DB */ = {
			isa = PBXGroup;
			children = (
				FE8CF8C31B7D6AF7002A1A92 /* SqlHeader.h */,
			);
			path = DB;
			sourceTree = "<group>";
		};
		FE8CF8C41B7D6AF7002A1A92 /* Local */ = {
			isa = PBXGroup;
			children = (
				FE8CF8C51B7D6AF7002A1A92 /* kRequestLocalTestData.dat */,
			);
			path = Local;
			sourceTree = "<group>";
		};
		FE8CF8C61B7D6AF7002A1A92 /* Main */ = {
			isa = PBXGroup;
			children = (
				FE8CF8C71B7D6AF7002A1A92 /* AppDelegate.h */,
				FE8CF8C81B7D6AF7002A1A92 /* AppDelegate.m */,
				FE8CF8C91B7D6AF7002A1A92 /* main.m */,
				FE8CF9C51B7D728D002A1A92 /* MainViewController.h */,
				FE8CF9C61B7D728D002A1A92 /* MainViewController.m */,
				FE8CF8CC1B7D6AF7002A1A92 /* SMClassHeader.h */,
				FE7D33291B7E356200CE6284 /* Movies */,
				FE8CF9D11B7D7853002A1A92 /* Jokes */,
			);
			path = Main;
			sourceTree = "<group>";
		};
		FE8CF8CD1B7D6AF7002A1A92 /* Model */ = {
			isa = PBXGroup;
			children = (
				FE8CF8CE1B7D6AF7002A1A92 /* DataModel */,
			);
			path = Model;
			sourceTree = "<group>";
		};
		FE8CF8CE1B7D6AF7002A1A92 /* DataModel */ = {
			isa = PBXGroup;
			children = (
				FE8CF8CF1B7D6AF7002A1A92 /* SourceModel */,
			);
			path = DataModel;
			sourceTree = "<group>";
		};
		FE8CF8CF1B7D6AF7002A1A92 /* SourceModel */ = {
			isa = PBXGroup;
			children = (
				FE8CF8D01B7D6AF7002A1A92 /* SMJoke.h */,
				FE8CF8D11B7D6AF7002A1A92 /* SMJoke.m */,
				FE8CF8D21B7D6AF7002A1A92 /* SMResult.h */,
				FE8CF8D31B7D6AF7002A1A92 /* SMResult.m */,
				FE35E1781B839201000BBF68 /* SMTest.h */,
				FE35E1791B839201000BBF68 /* SMTest.m */,
			);
			path = SourceModel;
			sourceTree = "<group>";
		};
		FE8CF8D41B7D6AF7002A1A92 /* Third */ = {
			isa = PBXGroup;
			children = (
				FE664BFE1BA531F80074B3FF /* MBProgressHUD */,
				FEAFBE591B808C6B007D4143 /* SDWebImage */,
				FE8CF8D51B7D6AF7002A1A92 /* CellAutoSize */,
			);
			path = Third;
			sourceTree = "<group>";
		};
		FE8CF8D51B7D6AF7002A1A92 /* CellAutoSize */ = {
			isa = PBXGroup;
			children = (
				FE8CF8D61B7D6AF7002A1A92 /* AutoSizeUtil.h */,
				FE8CF8D71B7D6AF7002A1A92 /* AutoSizeUtil.m */,
				FE8CF8D81B7D6AF7002A1A92 /* UITableViewCell+AutoSize.h */,
				FE8CF8D91B7D6AF7002A1A92 /* UITableViewCell+AutoSize.m */,
			);
			path = CellAutoSize;
			sourceTree = "<group>";
		};
		FE8CF8DA1B7D6AF7002A1A92 /* Util */ = {
			isa = PBXGroup;
			children = (
				FE8CF8DB1B7D6AF7002A1A92 /* APIHeader.h */,
				FE8CF8DC1B7D6AF7002A1A92 /* ConstHeader.h */,
				FE8CF8DD1B7D6AF7002A1A92 /* FastUserHeader.h */,
				FE8CF8DE1B7D6AF7002A1A92 /* WordsHeader.h */,
			);
			path = Util;
			sourceTree = "<group>";
		};
		FE8CF8DF1B7D6AF7002A1A92 /* SMFrameWork */ = {
			isa = PBXGroup;
			children = (
				FE8CF8F51B7D6AF7002A1A92 /* SMConfig.h */,
				FE8CF8FD1B7D6AF7002A1A92 /* SMFrameWork.h */,
				FE8CF8E01B7D6AF7002A1A92 /* SMBll */,
				FE8CF8E31B7D6AF7002A1A92 /* SMCache */,
				FE8CF8E71B7D6AF7002A1A92 /* SMCate */,
				FE8CF8F61B7D6AF7002A1A92 /* SMDal */,
				FE8CF8FE1B7D6AF7002A1A92 /* SMHeader */,
				FE8CF9031B7D6AF7002A1A92 /* SMLog */,
				FE8CF9091B7D6AF7002A1A92 /* SMModel */,
				FE8CF90C1B7D6AF7002A1A92 /* SMNet */,
				FE8CF91A1B7D6AF7002A1A92 /* SMThird */,
			);
			path = SMFrameWork;
			sourceTree = "<group>";
		};
		FE8CF8E01B7D6AF7002A1A92 /* SMBll */ = {
			isa = PBXGroup;
			children = (
				FE8CF8E11B7D6AF7002A1A92 /* SMBll.h */,
				FE8CF8E21B7D6AF7002A1A92 /* SMBll.m */,
			);
			path = SMBll;
			sourceTree = "<group>";
		};
		FE8CF8E31B7D6AF7002A1A92 /* SMCache */ = {
			isa = PBXGroup;
			children = (
				FE8CF8E41B7D6AF7002A1A92 /* DataBase */,
			);
			path = SMCache;
			sourceTree = "<group>";
		};
		FE8CF8E41B7D6AF7002A1A92 /* DataBase */ = {
			isa = PBXGroup;
			children = (
				FEF8139F1BA464A800BA83D3 /* SMDBHelper.h */,
				FEF813A01BA464A800BA83D3 /* SMDBHelper.m */,
				5790668E1BAA67D400805AC9 /* SMDBManager.h */,
				5790668F1BAA67D400805AC9 /* SMDBManager.m */,
			);
			path = DataBase;
			sourceTree = "<group>";
		};
		FE8CF8E71B7D6AF7002A1A92 /* SMCate */ = {
			isa = PBXGroup;
			children = (
				FE8CF8E81B7D6AF7002A1A92 /* NSObject+SM.h */,
				FE8CF8E91B7D6AF7002A1A92 /* NSObject+SM.m */,
				FE8CF8EA1B7D6AF7002A1A92 /* NSString+SM.h */,
				FE8CF8EB1B7D6AF7002A1A92 /* NSString+SM.m */,
				FE8CF8EC1B7D6AF7002A1A92 /* SMCate.h */,
				FE8CF8ED1B7D6AF7002A1A92 /* UIDevice+SM.h */,
				FE8CF8EE1B7D6AF7002A1A92 /* UIDevice+SM.m */,
				FE8CF8EF1B7D6AF7002A1A92 /* UITableView+SM.h */,
				FE8CF8F01B7D6AF7002A1A92 /* UITableView+SM.m */,
				FE8CF8F11B7D6AF7002A1A92 /* UIView+SM.h */,
				FE8CF8F21B7D6AF7002A1A92 /* UIView+SM.m */,
				FE8CF8F31B7D6AF7002A1A92 /* UIView+SMFrame.h */,
				FE8CF8F41B7D6AF7002A1A92 /* UIView+SMFrame.m */,
			);
			path = SMCate;
			sourceTree = "<group>";
		};
		FE8CF8F61B7D6AF7002A1A92 /* SMDal */ = {
			isa = PBXGroup;
			children = (
				FE8CF8F71B7D6AF7002A1A92 /* SMAPI */,
				FE8CF8FA1B7D6AF7002A1A92 /* SMDB */,
			);
			path = SMDal;
			sourceTree = "<group>";
		};
		FE8CF8F71B7D6AF7002A1A92 /* SMAPI */ = {
			isa = PBXGroup;
			children = (
				FE8CF8F81B7D6AF7002A1A92 /* SMAPI.h */,
				FE8CF8F91B7D6AF7002A1A92 /* SMAPI.m */,
			);
			path = SMAPI;
			sourceTree = "<group>";
		};
		FE8CF8FA1B7D6AF7002A1A92 /* SMDB */ = {
			isa = PBXGroup;
			children = (
				FE8CF8FB1B7D6AF7002A1A92 /* SMDAO.h */,
				FE8CF8FC1B7D6AF7002A1A92 /* SMDAO.m */,
			);
			path = SMDB;
			sourceTree = "<group>";
		};
		FE8CF8FE1B7D6AF7002A1A92 /* SMHeader */ = {
			isa = PBXGroup;
			children = (
				FE8CF8FF1B7D6AF7002A1A92 /* BusinessHeader.h */,
				FE8CF9001B7D6AF7002A1A92 /* DataHeader.h */,
				FE8CF9011B7D6AF7002A1A92 /* SMHeader.h */,
				FE8CF9021B7D6AF7002A1A92 /* UIHeader.h */,
			);
			path = SMHeader;
			sourceTree = "<group>";
		};
		FE8CF9031B7D6AF7002A1A92 /* SMLog */ = {
			isa = PBXGroup;
			children = (
				FE8CF9041B7D6AF7002A1A92 /* SMLog.h */,
				FE8CF9051B7D6AF7002A1A92 /* SMLogConfig.h */,
				FE8CF9061B7D6AF7002A1A92 /* SMLogKey.h */,
				FE8CF9071B7D6AF7002A1A92 /* SMLogSys.h */,
				FE8CF9081B7D6AF7002A1A92 /* SMLogSys.m */,
			);
			path = SMLog;
			sourceTree = "<group>";
		};
		FE8CF9091B7D6AF7002A1A92 /* SMModel */ = {
			isa = PBXGroup;
			children = (
				FE8CF90A1B7D6AF7002A1A92 /* SMModel.h */,
				FE8CF90B1B7D6AF7002A1A92 /* SMModel.m */,
				FE35E17B1B8397D3000BBF68 /* NSUserDefaults+SMModel.h */,
				FE35E17C1B8397D3000BBF68 /* NSUserDefaults+SMModel.m */,
			);
			path = SMModel;
			sourceTree = "<group>";
		};
		FE8CF90C1B7D6AF7002A1A92 /* SMNet */ = {
			isa = PBXGroup;
			children = (
				FE8CF90D1B7D6AF7002A1A92 /* SMAFNClient */,
				FE8CF9101B7D6AF7002A1A92 /* SMNetManager */,
				FE8CF9171B7D6AF7002A1A92 /* SMUrlRequest */,
			);
			path = SMNet;
			sourceTree = "<group>";
		};
		FE8CF90D1B7D6AF7002A1A92 /* SMAFNClient */ = {
			isa = PBXGroup;
			children = (
				FE8CF90E1B7D6AF7002A1A92 /* SMAFNClient.h */,
				FE8CF90F1B7D6AF7002A1A92 /* SMAFNClient.m */,
			);
			path = SMAFNClient;
			sourceTree = "<group>";
		};
		FE8CF9101B7D6AF7002A1A92 /* SMNetManager */ = {
			isa = PBXGroup;
			children = (
				FE8CF9111B7D6AF7002A1A92 /* SMNetManager.h */,
				FE8CF9121B7D6AF7002A1A92 /* SMNetManager.m */,
				FE8CF9131B7D6AF7002A1A92 /* SMRequestQueue.h */,
				FE8CF9141B7D6AF7002A1A92 /* SMRequestQueue.m */,
				FE8CF9151B7D6AF7002A1A92 /* SMUrlRequest+SM.h */,
				FE8CF9161B7D6AF7002A1A92 /* SMUrlRequest+SM.m */,
			);
			path = SMNetManager;
			sourceTree = "<group>";
		};
		FE8CF9171B7D6AF7002A1A92 /* SMUrlRequest */ = {
			isa = PBXGroup;
			children = (
				FE8CF9181B7D6AF7002A1A92 /* SMUrlRequest.h */,
				FE8CF9191B7D6AF7002A1A92 /* SMUrlRequest.m */,
			);
			path = SMUrlRequest;
			sourceTree = "<group>";
		};
		FE8CF91A1B7D6AF7002A1A92 /* SMThird */ = {
			isa = PBXGroup;
			children = (
				FEA7537E1B89087300533B89 /* SMAttributies */,
				FEA6CCD91B8043750087F9DA /* AFNetworking */,
				FE8CF9441B7D6AF7002A1A92 /* fmdb */,
				FE8CF9501B7D6AF7002A1A92 /* MJRefresh */,
			);
			path = SMThird;
			sourceTree = "<group>";
		};
		FE8CF9441B7D6AF7002A1A92 /* fmdb */ = {
			isa = PBXGroup;
			children = (
				FE8CF9451B7D6AF7002A1A92 /* FMDatabase.h */,
				FE8CF9461B7D6AF7002A1A92 /* FMDatabase.m */,
				FE8CF9471B7D6AF7002A1A92 /* FMDatabaseAdditions.h */,
				FE8CF9481B7D6AF7002A1A92 /* FMDatabaseAdditions.m */,
				FE8CF9491B7D6AF7002A1A92 /* FMDatabasePool.h */,
				FE8CF94A1B7D6AF7002A1A92 /* FMDatabasePool.m */,
				FE8CF94B1B7D6AF7002A1A92 /* FMDatabaseQueue.h */,
				FE8CF94C1B7D6AF7002A1A92 /* FMDatabaseQueue.m */,
				FE8CF94D1B7D6AF7002A1A92 /* FMDB.h */,
				FE8CF94E1B7D6AF7002A1A92 /* FMResultSet.h */,
				FE8CF94F1B7D6AF7002A1A92 /* FMResultSet.m */,
			);
			path = fmdb;
			sourceTree = "<group>";
		};
		FE8CF9501B7D6AF7002A1A92 /* MJRefresh */ = {
			isa = PBXGroup;
			children = (
				FE8CF9511B7D6AF7002A1A92 /* MJRefresh.bundle */,
				FE8CF9521B7D6AF7002A1A92 /* MJRefresh.h */,
				FE8CF9531B7D6AF7002A1A92 /* MJRefreshComponent.h */,
				FE8CF9541B7D6AF7002A1A92 /* MJRefreshComponent.m */,
				FE8CF9551B7D6AF7002A1A92 /* MJRefreshConst.h */,
				FE8CF9561B7D6AF7002A1A92 /* MJRefreshConst.m */,
				FE8CF9571B7D6AF7002A1A92 /* MJRefreshFooter.h */,
				FE8CF9581B7D6AF7002A1A92 /* MJRefreshFooter.m */,
				FE8CF9591B7D6AF7002A1A92 /* MJRefreshGifFooter.h */,
				FE8CF95A1B7D6AF7002A1A92 /* MJRefreshGifFooter.m */,
				FE8CF95B1B7D6AF7002A1A92 /* MJRefreshGifHeader.h */,
				FE8CF95C1B7D6AF7002A1A92 /* MJRefreshGifHeader.m */,
				FE8CF95D1B7D6AF7002A1A92 /* MJRefreshHeader.h */,
				FE8CF95E1B7D6AF7002A1A92 /* MJRefreshHeader.m */,
				FE8CF95F1B7D6AF7002A1A92 /* MJRefreshLegendFooter.h */,
				FE8CF9601B7D6AF7002A1A92 /* MJRefreshLegendFooter.m */,
				FE8CF9611B7D6AF7002A1A92 /* MJRefreshLegendHeader.h */,
				FE8CF9621B7D6AF7002A1A92 /* MJRefreshLegendHeader.m */,
				FE8CF9631B7D6AF7002A1A92 /* UIScrollView+MJExtension.h */,
				FE8CF9641B7D6AF7002A1A92 /* UIScrollView+MJExtension.m */,
				FE8CF9651B7D6AF7002A1A92 /* UIScrollView+MJRefresh.h */,
				FE8CF9661B7D6AF7002A1A92 /* UIScrollView+MJRefresh.m */,
				FE8CF9671B7D6AF7002A1A92 /* UIView+MJExtension.h */,
				FE8CF9681B7D6AF7002A1A92 /* UIView+MJExtension.m */,
			);
			path = MJRefresh;
			sourceTree = "<group>";
		};
		FE8CF9BD1B7D6F46002A1A92 /* Supporting Files */ = {
			isa = PBXGroup;
			children = (
				FE8CF9BE1B7D6F46002A1A92 /* Info.plist */,
				FE8CF9BF1B7D6F46002A1A92 /* SMPrefixHeader.pch */,
			);
			path = "Supporting Files";
			sourceTree = "<group>";
		};
		FE8CF9D11B7D7853002A1A92 /* Jokes */ = {
			isa = PBXGroup;
			children = (
				FE7D332A1B7E358400CE6284 /* JokesViewController.h */,
				FE7D332B1B7E358400CE6284 /* JokesViewController.m */,
				FE8CF9D21B7D785F002A1A92 /* JokeDetailViewController.h */,
				FE8CF9D31B7D785F002A1A92 /* JokeDetailViewController.m */,
				570F087D1B81A5270068AC99 /* Views */,
			);
			path = Jokes;
			sourceTree = "<group>";
		};
		FEA6CCD91B8043750087F9DA /* AFNetworking */ = {
			isa = PBXGroup;
			children = (
				FEA6CCDA1B8043750087F9DA /* AFHTTPRequestOperation.h */,
				FEA6CCDB1B8043750087F9DA /* AFHTTPRequestOperation.m */,
				FEA6CCDC1B8043750087F9DA /* AFHTTPRequestOperationManager.h */,
				FEA6CCDD1B8043750087F9DA /* AFHTTPRequestOperationManager.m */,
				FEA6CCDE1B8043750087F9DA /* AFHTTPSessionManager.h */,
				FEA6CCDF1B8043750087F9DA /* AFHTTPSessionManager.m */,
				FEA6CCE01B8043750087F9DA /* AFNetworking.h */,
				FEA6CCE11B8043750087F9DA /* AFNetworkReachabilityManager.h */,
				FEA6CCE21B8043750087F9DA /* AFNetworkReachabilityManager.m */,
				FEA6CCE31B8043750087F9DA /* AFSecurityPolicy.h */,
				FEA6CCE41B8043750087F9DA /* AFSecurityPolicy.m */,
				FEA6CCE51B8043750087F9DA /* AFURLConnectionOperation.h */,
				FEA6CCE61B8043750087F9DA /* AFURLConnectionOperation.m */,
				FEA6CCE71B8043750087F9DA /* AFURLRequestSerialization.h */,
				FEA6CCE81B8043750087F9DA /* AFURLRequestSerialization.m */,
				FEA6CCE91B8043750087F9DA /* AFURLResponseSerialization.h */,
				FEA6CCEA1B8043750087F9DA /* AFURLResponseSerialization.m */,
				FEA6CCEB1B8043750087F9DA /* AFURLSessionManager.h */,
				FEA6CCEC1B8043750087F9DA /* AFURLSessionManager.m */,
			);
			path = AFNetworking;
			sourceTree = "<group>";
		};
		FEA7537E1B89087300533B89 /* SMAttributies */ = {
			isa = PBXGroup;
			children = (
				FEA753851B89089000533B89 /* sample.json */,
				FEA7537F1B89087300533B89 /* SMAttributiesModel.h */,
				FEA753801B89087300533B89 /* SMAttributiesModel.m */,
				FEA753811B89087300533B89 /* UIView+SMAttributies.h */,
				FEA753821B89087300533B89 /* UIView+SMAttributies.m */,
			);
			path = SMAttributies;
			sourceTree = "<group>";
		};
		FEA753871B8908C300533B89 /* Frames */ = {
			isa = PBXGroup;
			children = (
				FEA7538A1B89095000533B89 /* MainViewController.json */,
				FEA7538C1B890C5000533B89 /* JokesViewController.json */,
				FEA7538E1B890C7700533B89 /* JokeDetailViewController.json */,
				FEA753901B890F9300533B89 /* JokeView.json */,
			);
			path = Frames;
			sourceTree = "<group>";
		};
		FEAFBE591B808C6B007D4143 /* SDWebImage */ = {
			isa = PBXGroup;
			children = (
				FEAFBE5A1B808C6B007D4143 /* MKAnnotationView+WebCache.h */,
				FEAFBE5B1B808C6B007D4143 /* MKAnnotationView+WebCache.m */,
				FEAFBE5C1B808C6B007D4143 /* NSData+ImageContentType.h */,
				FEAFBE5D1B808C6B007D4143 /* NSData+ImageContentType.m */,
				FEAFBE5E1B808C6B007D4143 /* SDImageCache.h */,
				FEAFBE5F1B808C6B007D4143 /* SDImageCache.m */,
				FEAFBE601B808C6B007D4143 /* SDWebImageCompat.h */,
				FEAFBE611B808C6B007D4143 /* SDWebImageCompat.m */,
				FEAFBE621B808C6B007D4143 /* SDWebImageDecoder.h */,
				FEAFBE631B808C6B007D4143 /* SDWebImageDecoder.m */,
				FEAFBE641B808C6B007D4143 /* SDWebImageDownloader.h */,
				FEAFBE651B808C6B007D4143 /* SDWebImageDownloader.m */,
				FEAFBE661B808C6B007D4143 /* SDWebImageDownloaderOperation.h */,
				FEAFBE671B808C6B007D4143 /* SDWebImageDownloaderOperation.m */,
				FEAFBE681B808C6B007D4143 /* SDWebImageManager.h */,
				FEAFBE691B808C6B007D4143 /* SDWebImageManager.m */,
				FEAFBE6A1B808C6B007D4143 /* SDWebImageOperation.h */,
				FEAFBE6B1B808C6B007D4143 /* SDWebImagePrefetcher.h */,
				FEAFBE6C1B808C6B007D4143 /* SDWebImagePrefetcher.m */,
				FEAFBE6D1B808C6B007D4143 /* UIButton+WebCache.h */,
				FEAFBE6E1B808C6B007D4143 /* UIButton+WebCache.m */,
				FEAFBE6F1B808C6B007D4143 /* UIImage+GIF.h */,
				FEAFBE701B808C6B007D4143 /* UIImage+GIF.m */,
				FEAFBE711B808C6B007D4143 /* UIImage+MultiFormat.h */,
				FEAFBE721B808C6B007D4143 /* UIImage+MultiFormat.m */,
				FEAFBE731B808C6B007D4143 /* UIImage+WebP.h */,
				FEAFBE741B808C6B007D4143 /* UIImage+WebP.m */,
				FEAFBE751B808C6B007D4143 /* UIImageView+HighlightedWebCache.h */,
				FEAFBE761B808C6B007D4143 /* UIImageView+HighlightedWebCache.m */,
				FEAFBE771B808C6B007D4143 /* UIImageView+WebCache.h */,
				FEAFBE781B808C6B007D4143 /* UIImageView+WebCache.m */,
				FEAFBE791B808C6B007D4143 /* UIView+WebCacheOperation.h */,
				FEAFBE7A1B808C6B007D4143 /* UIView+WebCacheOperation.m */,
			);
			path = SDWebImage;
			sourceTree = "<group>";
		};
/* End PBXGroup section */

/* Begin PBXNativeTarget section */
		FE8CF8791B7CCFC2002A1A92 /* Hahaha */ = {
			isa = PBXNativeTarget;
			buildConfigurationList = FE8CF89D1B7CCFC2002A1A92 /* Build configuration list for PBXNativeTarget "Hahaha" */;
			buildPhases = (
				FE8CF8761B7CCFC2002A1A92 /* Sources */,
				FE8CF8771B7CCFC2002A1A92 /* Frameworks */,
				FE8CF8781B7CCFC2002A1A92 /* Resources */,
			);
			buildRules = (
			);
			dependencies = (
			);
			name = Hahaha;
			productName = Hahaha;
			productReference = FE8CF87A1B7CCFC2002A1A92 /* Hahaha.app */;
			productType = "com.apple.product-type.application";
		};
/* End PBXNativeTarget section */

/* Begin PBXProject section */
		FE8CF8721B7CCFC2002A1A92 /* Project object */ = {
			isa = PBXProject;
			attributes = {
				LastUpgradeCheck = 0640;
				ORGANIZATIONNAME = sumrise.com;
				TargetAttributes = {
					FE8CF8791B7CCFC2002A1A92 = {
						CreatedOnToolsVersion = 6.4;
						DevelopmentTeam = 4U92X5J5QF;
					};
				};
			};
			buildConfigurationList = FE8CF8751B7CCFC2002A1A92 /* Build configuration list for PBXProject "Hahaha" */;
			compatibilityVersion = "Xcode 3.2";
			developmentRegion = English;
			hasScannedForEncodings = 0;
			knownRegions = (
				en,
				Base,
				"zh-Hans",
			);
			mainGroup = FE8CF8711B7CCFC2002A1A92;
			productRefGroup = FE8CF87B1B7CCFC2002A1A92 /* Products */;
			projectDirPath = "";
			projectRoot = "";
			targets = (
				FE8CF8791B7CCFC2002A1A92 /* Hahaha */,
			);
		};
/* End PBXProject section */

/* Begin PBXResourcesBuildPhase section */
		FE8CF8781B7CCFC2002A1A92 /* Resources */ = {
			isa = PBXResourcesBuildPhase;
			buildActionMask = 2147483647;
			files = (
				FEA7538F1B890C7700533B89 /* JokeDetailViewController.json in Resources */,
				FEA753911B890F9300533B89 /* JokeView.json in Resources */,
				FEA753861B89089000533B89 /* sample.json in Resources */,
				FEA7538D1B890C5000533B89 /* JokesViewController.json in Resources */,
				FE8CF9C01B7D6F46002A1A92 /* Info.plist in Resources */,
				FE0ECE501B7FCE1000B3B37D /* Images.xcassets in Resources */,
				FEA7538B1B89095000533B89 /* MainViewController.json in Resources */,
				FE8CF9731B7D6AF7002A1A92 /* kRequestLocalTestData.dat in Resources */,
				FE8CF9A41B7D6AF7002A1A92 /* MJRefresh.bundle in Resources */,
			);
			runOnlyForDeploymentPostprocessing = 0;
		};
/* End PBXResourcesBuildPhase section */

/* Begin PBXSourcesBuildPhase section */
		FE8CF8761B7CCFC2002A1A92 /* Sources */ = {
			isa = PBXSourcesBuildPhase;
			buildActionMask = 2147483647;
			files = (
				FEA6CCED1B8043750087F9DA /* AFHTTPRequestOperation.m in Sources */,
				FE8CF9871B7D6AF7002A1A92 /* SMAFNClient.m in Sources */,
				FE8CF9881B7D6AF7002A1A92 /* SMNetManager.m in Sources */,
				FE8CF96B1B7D6AF7002A1A92 /* SMLabel.m in Sources */,
				FEA6CCF21B8043750087F9DA /* AFURLConnectionOperation.m in Sources */,
				FEA753841B89087300533B89 /* UIView+SMAttributies.m in Sources */,
				FE8CF9821B7D6AF7002A1A92 /* UIView+SMFrame.m in Sources */,
				FE8CF9CD1B7D73F1002A1A92 /* JokeAPI.m in Sources */,
				FEAFBE841B808C6B007D4143 /* UIButton+WebCache.m in Sources */,
				FEAFBE811B808C6B007D4143 /* SDWebImageDownloaderOperation.m in Sources */,
				FE8CF9CA1B7D7343002A1A92 /* JokeBll.m in Sources */,
				FE8CF9C71B7D728D002A1A92 /* MainViewController.m in Sources */,
				FE8CF9AC1B7D6AF7002A1A92 /* MJRefreshLegendHeader.m in Sources */,
				FE8CF9AF1B7D6AF7002A1A92 /* UIView+MJExtension.m in Sources */,
				FE8CF98A1B7D6AF7002A1A92 /* SMUrlRequest+SM.m in Sources */,
				FE8CF9791B7D6AF7002A1A92 /* AutoSizeUtil.m in Sources */,
				FE7D332C1B7E358400CE6284 /* JokesViewController.m in Sources */,
				FEAFBE861B808C6B007D4143 /* UIImage+MultiFormat.m in Sources */,
				FE8CF97A1B7D6AF7002A1A92 /* UITableViewCell+AutoSize.m in Sources */,
				FE8CF9AE1B7D6AF7002A1A92 /* UIScrollView+MJRefresh.m in Sources */,
				FE8CF9831B7D6AF7002A1A92 /* SMAPI.m in Sources */,
				FE8CF96D1B7D6AF7002A1A92 /* SMTableView.m in Sources */,
				FE8CF9AB1B7D6AF7002A1A92 /* MJRefreshLegendFooter.m in Sources */,
				FEA6CCF31B8043750087F9DA /* AFURLRequestSerialization.m in Sources */,
				FE8CF97B1B7D6AF7002A1A92 /* SMBll.m in Sources */,
				FEAFBE8A1B808C6B007D4143 /* UIView+WebCacheOperation.m in Sources */,
				FE8CF97D1B7D6AF7002A1A92 /* NSObject+SM.m in Sources */,
				FE8CF9A81B7D6AF7002A1A92 /* MJRefreshGifFooter.m in Sources */,
				579066901BAA67D400805AC9 /* SMDBManager.m in Sources */,
				FEA6CCEF1B8043750087F9DA /* AFHTTPSessionManager.m in Sources */,
				FE8CF9891B7D6AF7002A1A92 /* SMRequestQueue.m in Sources */,
				FE8CF9AD1B7D6AF7002A1A92 /* UIScrollView+MJExtension.m in Sources */,
				FE8CF97F1B7D6AF7002A1A92 /* UIDevice+SM.m in Sources */,
				FE8CF9741B7D6AF7002A1A92 /* AppDelegate.m in Sources */,
				FEAFBE7C1B808C6B007D4143 /* NSData+ImageContentType.m in Sources */,
				FE35E17D1B8397D3000BBF68 /* NSUserDefaults+SMModel.m in Sources */,
				FEAFBE891B808C6B007D4143 /* UIImageView+WebCache.m in Sources */,
				FE8CF99F1B7D6AF7002A1A92 /* FMDatabase.m in Sources */,
				FEAFBE7B1B808C6B007D4143 /* MKAnnotationView+WebCache.m in Sources */,
				FE8CF9A11B7D6AF7002A1A92 /* FMDatabasePool.m in Sources */,
				FEA6CCF11B8043750087F9DA /* AFSecurityPolicy.m in Sources */,
				FEA6CCEE1B8043750087F9DA /* AFHTTPRequestOperationManager.m in Sources */,
				FE8CF9781B7D6AF7002A1A92 /* SMResult.m in Sources */,
				FE8CF96A1B7D6AF7002A1A92 /* SMButton.m in Sources */,
				FEAFBE821B808C6B007D4143 /* SDWebImageManager.m in Sources */,
				FE8CF96C1B7D6AF7002A1A92 /* SMNavigationController.m in Sources */,
				FE8CF9A91B7D6AF7002A1A92 /* MJRefreshGifHeader.m in Sources */,
				FE8CF96E1B7D6AF7002A1A92 /* SMTextField.m in Sources */,
				570F08801B81A5480068AC99 /* JokeView.m in Sources */,
				FE8CF9751B7D6AF7002A1A92 /* main.m in Sources */,
				FEAFBE851B808C6B007D4143 /* UIImage+GIF.m in Sources */,
				FE8CF96F1B7D6AF7002A1A92 /* SMViewController.m in Sources */,
				FEAFBE7E1B808C6B007D4143 /* SDWebImageCompat.m in Sources */,
				FE8CF9AA1B7D6AF7002A1A92 /* MJRefreshHeader.m in Sources */,
				FE8CF9A71B7D6AF7002A1A92 /* MJRefreshFooter.m in Sources */,
				FE8CF9861B7D6AF7002A1A92 /* SMModel.m in Sources */,
				FEF813A11BA464A800BA83D3 /* SMDBHelper.m in Sources */,
				FEAFBE881B808C6B007D4143 /* UIImageView+HighlightedWebCache.m in Sources */,
				FE8CF9801B7D6AF7002A1A92 /* UITableView+SM.m in Sources */,
				FE8CF97E1B7D6AF7002A1A92 /* NSString+SM.m in Sources */,
				FE8CF9841B7D6AF7002A1A92 /* SMDAO.m in Sources */,
				FEA6CCF51B8043750087F9DA /* AFURLSessionManager.m in Sources */,
				FEA6CCF01B8043750087F9DA /* AFNetworkReachabilityManager.m in Sources */,
				FE8CF9A21B7D6AF7002A1A92 /* FMDatabaseQueue.m in Sources */,
				FE8CF9A51B7D6AF7002A1A92 /* MJRefreshComponent.m in Sources */,
				FEAFBE7F1B808C6B007D4143 /* SDWebImageDecoder.m in Sources */,
				FE8CF9A61B7D6AF7002A1A92 /* MJRefreshConst.m in Sources */,
				FEA753831B89087300533B89 /* SMAttributiesModel.m in Sources */,
				FE8CF9811B7D6AF7002A1A92 /* UIView+SM.m in Sources */,
				FE8CF9771B7D6AF7002A1A92 /* SMJoke.m in Sources */,
				FEAFBE7D1B808C6B007D4143 /* SDImageCache.m in Sources */,
				FE35E17A1B839201000BBF68 /* SMTest.m in Sources */,
				FEAFBE831B808C6B007D4143 /* SDWebImagePrefetcher.m in Sources */,
				FEAFBE801B808C6B007D4143 /* SDWebImageDownloader.m in Sources */,
				FEAFBE871B808C6B007D4143 /* UIImage+WebP.m in Sources */,
				FE8CF9D41B7D785F002A1A92 /* JokeDetailViewController.m in Sources */,
				FE8CF9A31B7D6AF7002A1A92 /* FMResultSet.m in Sources */,
				FE8CF98B1B7D6AF7002A1A92 /* SMUrlRequest.m in Sources */,
				FE664C011BA531F80074B3FF /* MBProgressHUD.m in Sources */,
				FE8CF9A01B7D6AF7002A1A92 /* FMDatabaseAdditions.m in Sources */,
				FEA6CCF41B8043750087F9DA /* AFURLResponseSerialization.m in Sources */,
				FE8CF9D01B7D73FE002A1A92 /* JokeDao.m in Sources */,
				FE8CF9851B7D6AF7002A1A92 /* SMLogSys.m in Sources */,
			);
			runOnlyForDeploymentPostprocessing = 0;
		};
/* End PBXSourcesBuildPhase section */

/* Begin XCBuildConfiguration section */
		FE8CF89B1B7CCFC2002A1A92 /* Debug */ = {
			isa = XCBuildConfiguration;
			buildSettings = {
				ALWAYS_SEARCH_USER_PATHS = NO;
				CLANG_CXX_LANGUAGE_STANDARD = "gnu++0x";
				CLANG_CXX_LIBRARY = "libc++";
				CLANG_ENABLE_MODULES = YES;
				CLANG_ENABLE_OBJC_ARC = YES;
				CLANG_WARN_BOOL_CONVERSION = YES;
				CLANG_WARN_CONSTANT_CONVERSION = YES;
				CLANG_WARN_DIRECT_OBJC_ISA_USAGE = YES_ERROR;
				CLANG_WARN_EMPTY_BODY = YES;
				CLANG_WARN_ENUM_CONVERSION = YES;
				CLANG_WARN_INT_CONVERSION = YES;
				CLANG_WARN_OBJC_ROOT_CLASS = YES_ERROR;
				CLANG_WARN_UNREACHABLE_CODE = YES;
				CLANG_WARN__DUPLICATE_METHOD_MATCH = YES;
				"CODE_SIGN_IDENTITY[sdk=iphoneos*]" = "iPhone Developer";
				COPY_PHASE_STRIP = NO;
				DEBUG_INFORMATION_FORMAT = "dwarf-with-dsym";
				ENABLE_STRICT_OBJC_MSGSEND = YES;
				GCC_C_LANGUAGE_STANDARD = gnu99;
				GCC_DYNAMIC_NO_PIC = NO;
				GCC_NO_COMMON_BLOCKS = YES;
				GCC_OPTIMIZATION_LEVEL = 0;
				GCC_PREPROCESSOR_DEFINITIONS = (
					"DEBUG=1",
					"$(inherited)",
				);
				GCC_SYMBOLS_PRIVATE_EXTERN = NO;
				GCC_WARN_64_TO_32_BIT_CONVERSION = YES;
				GCC_WARN_ABOUT_RETURN_TYPE = YES_ERROR;
				GCC_WARN_UNDECLARED_SELECTOR = YES;
				GCC_WARN_UNINITIALIZED_AUTOS = YES_AGGRESSIVE;
				GCC_WARN_UNUSED_FUNCTION = YES;
				GCC_WARN_UNUSED_VARIABLE = YES;
				IPHONEOS_DEPLOYMENT_TARGET = 8.4;
				MTL_ENABLE_DEBUG_INFO = YES;
				ONLY_ACTIVE_ARCH = YES;
				SDKROOT = iphoneos;
				TARGETED_DEVICE_FAMILY = "1,2";
			};
			name = Debug;
		};
		FE8CF89C1B7CCFC2002A1A92 /* Release */ = {
			isa = XCBuildConfiguration;
			buildSettings = {
				ALWAYS_SEARCH_USER_PATHS = NO;
				CLANG_CXX_LANGUAGE_STANDARD = "gnu++0x";
				CLANG_CXX_LIBRARY = "libc++";
				CLANG_ENABLE_MODULES = YES;
				CLANG_ENABLE_OBJC_ARC = YES;
				CLANG_WARN_BOOL_CONVERSION = YES;
				CLANG_WARN_CONSTANT_CONVERSION = YES;
				CLANG_WARN_DIRECT_OBJC_ISA_USAGE = YES_ERROR;
				CLANG_WARN_EMPTY_BODY = YES;
				CLANG_WARN_ENUM_CONVERSION = YES;
				CLANG_WARN_INT_CONVERSION = YES;
				CLANG_WARN_OBJC_ROOT_CLASS = YES_ERROR;
				CLANG_WARN_UNREACHABLE_CODE = YES;
				CLANG_WARN__DUPLICATE_METHOD_MATCH = YES;
				"CODE_SIGN_IDENTITY[sdk=iphoneos*]" = "iPhone Developer";
				COPY_PHASE_STRIP = NO;
				DEBUG_INFORMATION_FORMAT = "dwarf-with-dsym";
				ENABLE_NS_ASSERTIONS = NO;
				ENABLE_STRICT_OBJC_MSGSEND = YES;
				GCC_C_LANGUAGE_STANDARD = gnu99;
				GCC_NO_COMMON_BLOCKS = YES;
				GCC_WARN_64_TO_32_BIT_CONVERSION = YES;
				GCC_WARN_ABOUT_RETURN_TYPE = YES_ERROR;
				GCC_WARN_UNDECLARED_SELECTOR = YES;
				GCC_WARN_UNINITIALIZED_AUTOS = YES_AGGRESSIVE;
				GCC_WARN_UNUSED_FUNCTION = YES;
				GCC_WARN_UNUSED_VARIABLE = YES;
				IPHONEOS_DEPLOYMENT_TARGET = 8.4;
				MTL_ENABLE_DEBUG_INFO = NO;
				SDKROOT = iphoneos;
				TARGETED_DEVICE_FAMILY = "1,2";
				VALIDATE_PRODUCT = YES;
			};
			name = Release;
		};
		FE8CF89E1B7CCFC2002A1A92 /* Debug */ = {
			isa = XCBuildConfiguration;
			buildSettings = {
				ASSETCATALOG_COMPILER_APPICON_NAME = AppIcon;
				ASSETCATALOG_COMPILER_LAUNCHIMAGE_NAME = BrandAsset;
				CODE_SIGN_IDENTITY = "iPhone Developer";
				"CODE_SIGN_IDENTITY[sdk=iphoneos*]" = "iPhone Developer";
				GCC_PREFIX_HEADER = "$(SRCROOT)/SMClass/Supporting Files/SMPrefixHeader.pch";
				INFOPLIST_FILE = "$(SRCROOT)/SMClass/Supporting Files/Info.plist";
				IPHONEOS_DEPLOYMENT_TARGET = 6.0;
				LD_RUNPATH_SEARCH_PATHS = "$(inherited) @executable_path/Frameworks";
				LIBRARY_SEARCH_PATHS = (
					"$(inherited)",
					"$(PROJECT_DIR)/SMClass/Third/UMAnalytics_Sdk_3.5.10",
					"$(PROJECT_DIR)/SMClass/Third/UMSocial_Sdk_4.2.3",
				);
				PRODUCT_NAME = "$(TARGET_NAME)";
				PROVISIONING_PROFILE = "";
			};
			name = Debug;
		};
		FE8CF89F1B7CCFC2002A1A92 /* Release */ = {
			isa = XCBuildConfiguration;
			buildSettings = {
				ASSETCATALOG_COMPILER_APPICON_NAME = AppIcon;
				ASSETCATALOG_COMPILER_LAUNCHIMAGE_NAME = BrandAsset;
				CODE_SIGN_IDENTITY = "iPhone Developer";
				"CODE_SIGN_IDENTITY[sdk=iphoneos*]" = "iPhone Developer";
				GCC_PREFIX_HEADER = "$(SRCROOT)/SMClass/Supporting Files/SMPrefixHeader.pch";
				INFOPLIST_FILE = "$(SRCROOT)/SMClass/Supporting Files/Info.plist";
				IPHONEOS_DEPLOYMENT_TARGET = 6.0;
				LD_RUNPATH_SEARCH_PATHS = "$(inherited) @executable_path/Frameworks";
				LIBRARY_SEARCH_PATHS = (
					"$(inherited)",
					"$(PROJECT_DIR)/SMClass/Third/UMAnalytics_Sdk_3.5.10",
					"$(PROJECT_DIR)/SMClass/Third/UMSocial_Sdk_4.2.3",
				);
				PRODUCT_NAME = "$(TARGET_NAME)";
				PROVISIONING_PROFILE = "";
			};
			name = Release;
		};
/* End XCBuildConfiguration section */

/* Begin XCConfigurationList section */
		FE8CF8751B7CCFC2002A1A92 /* Build configuration list for PBXProject "Hahaha" */ = {
			isa = XCConfigurationList;
			buildConfigurations = (
				FE8CF89B1B7CCFC2002A1A92 /* Debug */,
				FE8CF89C1B7CCFC2002A1A92 /* Release */,
			);
			defaultConfigurationIsVisible = 0;
			defaultConfigurationName = Release;
		};
		FE8CF89D1B7CCFC2002A1A92 /* Build configuration list for PBXNativeTarget "Hahaha" */ = {
			isa = XCConfigurationList;
			buildConfigurations = (
				FE8CF89E1B7CCFC2002A1A92 /* Debug */,
				FE8CF89F1B7CCFC2002A1A92 /* Release */,
			);
			defaultConfigurationIsVisible = 0;
			defaultConfigurationName = Release;
		};
/* End XCConfigurationList section */
	};
	rootObject = FE8CF8721B7CCFC2002A1A92 /* Project object */;
}
