// !$*UTF8*$!
{
	archiveVersion = 1;
	classes = {
	};
	objectVersion = 46;
	objects = {

/* Begin PBXBuildFile section */
		FEA530751B83A88C00A742B0 /* main.m in Sources */ = {isa = PBXBuildFile; fileRef = FEA530741B83A88C00A742B0 /* main.m */; };
		FEA530781B83A88C00A742B0 /* AppDelegate.m in Sources */ = {isa = PBXBuildFile; fileRef = FEA530771B83A88C00A742B0 /* AppDelegate.m */; };
		FEA5307B1B83A88C00A742B0 /* ViewController.m in Sources */ = {isa = PBXBuildFile; fileRef = FEA5307A1B83A88C00A742B0 /* ViewController.m */; };
		FEA5307E1B83A88C00A742B0 /* Main.storyboard in Resources */ = {isa = PBXBuildFile; fileRef = FEA5307C1B83A88C00A742B0 /* Main.storyboard */; };
		FEA530801B83A88C00A742B0 /* Assets.xcassets in Resources */ = {isa = PBXBuildFile; fileRef = FEA5307F1B83A88C00A742B0 /* Assets.xcassets */; };
		FEA530831B83A88C00A742B0 /* LaunchScreen.storyboard in Resources */ = {isa = PBXBuildFile; fileRef = FEA530811B83A88C00A742B0 /* LaunchScreen.storyboard */; };
		FEA5308E1B83A88C00A742B0 /* SMFrameTests.m in Sources */ = {isa = PBXBuildFile; fileRef = FEA5308D1B83A88C00A742B0 /* SMFrameTests.m */; };
		FEA530991B83A88C00A742B0 /* SMFrameUITests.m in Sources */ = {isa = PBXBuildFile; fileRef = FEA530981B83A88C00A742B0 /* SMFrameUITests.m */; };
		FEA530AB1B83A94100A742B0 /* ViewControoler.frame in Resources */ = {isa = PBXBuildFile; fileRef = FEA530AA1B83A94100A742B0 /* ViewControoler.frame */; };
/* End PBXBuildFile section */

/* Begin PBXContainerItemProxy section */
		FEA5308A1B83A88C00A742B0 /* PBXContainerItemProxy */ = {
			isa = PBXContainerItemProxy;
			containerPortal = FEA530681B83A88C00A742B0 /* Project object */;
			proxyType = 1;
			remoteGlobalIDString = FEA5306F1B83A88C00A742B0;
			remoteInfo = SMFrame;
		};
		FEA530951B83A88C00A742B0 /* PBXContainerItemProxy */ = {
			isa = PBXContainerItemProxy;
			containerPortal = FEA530681B83A88C00A742B0 /* Project object */;
			proxyType = 1;
			remoteGlobalIDString = FEA5306F1B83A88C00A742B0;
			remoteInfo = SMFrame;
		};
/* End PBXContainerItemProxy section */

/* Begin PBXFileReference section */
		FEA530701B83A88C00A742B0 /* SMFrame.app */ = {isa = PBXFileReference; explicitFileType = wrapper.application; includeInIndex = 0; path = SMFrame.app; sourceTree = BUILT_PRODUCTS_DIR; };
		FEA530741B83A88C00A742B0 /* main.m */ = {isa = PBXFileReference; lastKnownFileType = sourcecode.c.objc; path = main.m; sourceTree = "<group>"; };
		FEA530761B83A88C00A742B0 /* AppDelegate.h */ = {isa = PBXFileReference; lastKnownFileType = sourcecode.c.h; path = AppDelegate.h; sourceTree = "<group>"; };
		FEA530771B83A88C00A742B0 /* AppDelegate.m */ = {isa = PBXFileReference; lastKnownFileType = sourcecode.c.objc; path = AppDelegate.m; sourceTree = "<group>"; };
		FEA530791B83A88C00A742B0 /* ViewController.h */ = {isa = PBXFileReference; lastKnownFileType = sourcecode.c.h; path = ViewController.h; sourceTree = "<group>"; };
		FEA5307A1B83A88C00A742B0 /* ViewController.m */ = {isa = PBXFileReference; lastKnownFileType = sourcecode.c.objc; path = ViewController.m; sourceTree = "<group>"; };
		FEA5307D1B83A88C00A742B0 /* Base */ = {isa = PBXFileReference; lastKnownFileType = file.storyboard; name = Base; path = Base.lproj/Main.storyboard; sourceTree = "<group>"; };
		FEA5307F1B83A88C00A742B0 /* Assets.xcassets */ = {isa = PBXFileReference; lastKnownFileType = folder.assetcatalog; path = Assets.xcassets; sourceTree = "<group>"; };
		FEA530821B83A88C00A742B0 /* Base */ = {isa = PBXFileReference; lastKnownFileType = file.storyboard; name = Base; path = Base.lproj/LaunchScreen.storyboard; sourceTree = "<group>"; };
		FEA530841B83A88C00A742B0 /* Info.plist */ = {isa = PBXFileReference; lastKnownFileType = text.plist.xml; path = Info.plist; sourceTree = "<group>"; };
		FEA530891B83A88C00A742B0 /* SMFrameTests.xctest */ = {isa = PBXFileReference; explicitFileType = wrapper.cfbundle; includeInIndex = 0; path = SMFrameTests.xctest; sourceTree = BUILT_PRODUCTS_DIR; };
		FEA5308D1B83A88C00A742B0 /* SMFrameTests.m */ = {isa = PBXFileReference; lastKnownFileType = sourcecode.c.objc; path = SMFrameTests.m; sourceTree = "<group>"; };
		FEA5308F1B83A88C00A742B0 /* Info.plist */ = {isa = PBXFileReference; lastKnownFileType = text.plist.xml; path = Info.plist; sourceTree = "<group>"; };
		FEA530941B83A88C00A742B0 /* SMFrameUITests.xctest */ = {isa = PBXFileReference; explicitFileType = wrapper.cfbundle; includeInIndex = 0; path = SMFrameUITests.xctest; sourceTree = BUILT_PRODUCTS_DIR; };
		FEA530981B83A88C00A742B0 /* SMFrameUITests.m */ = {isa = PBXFileReference; lastKnownFileType = sourcecode.c.objc; path = SMFrameUITests.m; sourceTree = "<group>"; };
		FEA5309A1B83A88C00A742B0 /* Info.plist */ = {isa = PBXFileReference; lastKnownFileType = text.plist.xml; path = Info.plist; sourceTree = "<group>"; };
		FEA530AA1B83A94100A742B0 /* ViewControoler.frame */ = {isa = PBXFileReference; fileEncoding = 4; lastKnownFileType = text; path = ViewControoler.frame; sourceTree = "<group>"; };
/* End PBXFileReference section */

/* Begin PBXFrameworksBuildPhase section */
		FEA5306D1B83A88C00A742B0 /* Frameworks */ = {
			isa = PBXFrameworksBuildPhase;
			buildActionMask = 2147483647;
			files = (
			);
			runOnlyForDeploymentPostprocessing = 0;
		};
		FEA530861B83A88C00A742B0 /* Frameworks */ = {
			isa = PBXFrameworksBuildPhase;
			buildActionMask = 2147483647;
			files = (
			);
			runOnlyForDeploymentPostprocessing = 0;
		};
		FEA530911B83A88C00A742B0 /* Frameworks */ = {
			isa = PBXFrameworksBuildPhase;
			buildActionMask = 2147483647;
			files = (
			);
			runOnlyForDeploymentPostprocessing = 0;
		};
/* End PBXFrameworksBuildPhase section */

/* Begin PBXGroup section */
		FEA530671B83A88C00A742B0 = {
			isa = PBXGroup;
			children = (
				FEA530721B83A88C00A742B0 /* SMFrame */,
				FEA5308C1B83A88C00A742B0 /* SMFrameTests */,
				FEA530971B83A88C00A742B0 /* SMFrameUITests */,
				FEA530711B83A88C00A742B0 /* Products */,
			);
			sourceTree = "<group>";
		};
		FEA530711B83A88C00A742B0 /* Products */ = {
			isa = PBXGroup;
			children = (
				FEA530701B83A88C00A742B0 /* SMFrame.app */,
				FEA530891B83A88C00A742B0 /* SMFrameTests.xctest */,
				FEA530941B83A88C00A742B0 /* SMFrameUITests.xctest */,
			);
			name = Products;
			sourceTree = "<group>";
		};
		FEA530721B83A88C00A742B0 /* SMFrame */ = {
			isa = PBXGroup;
			children = (
				FEA530A91B83A92C00A742B0 /* Frame */,
				FEA530A61B83A8F300A742B0 /* SMFrame */,
				FEA530761B83A88C00A742B0 /* AppDelegate.h */,
				FEA530771B83A88C00A742B0 /* AppDelegate.m */,
				FEA530791B83A88C00A742B0 /* ViewController.h */,
				FEA5307A1B83A88C00A742B0 /* ViewController.m */,
				FEA5307C1B83A88C00A742B0 /* Main.storyboard */,
				FEA5307F1B83A88C00A742B0 /* Assets.xcassets */,
				FEA530811B83A88C00A742B0 /* LaunchScreen.storyboard */,
				FEA530841B83A88C00A742B0 /* Info.plist */,
				FEA530731B83A88C00A742B0 /* Supporting Files */,
			);
			path = SMFrame;
			sourceTree = "<group>";
		};
		FEA530731B83A88C00A742B0 /* Supporting Files */ = {
			isa = PBXGroup;
			children = (
				FEA530741B83A88C00A742B0 /* main.m */,
			);
			name = "Supporting Files";
			sourceTree = "<group>";
		};
		FEA5308C1B83A88C00A742B0 /* SMFrameTests */ = {
			isa = PBXGroup;
			children = (
				FEA5308D1B83A88C00A742B0 /* SMFrameTests.m */,
				FEA5308F1B83A88C00A742B0 /* Info.plist */,
			);
			path = SMFrameTests;
			sourceTree = "<group>";
		};
		FEA530971B83A88C00A742B0 /* SMFrameUITests */ = {
			isa = PBXGroup;
			children = (
				FEA530981B83A88C00A742B0 /* SMFrameUITests.m */,
				FEA5309A1B83A88C00A742B0 /* Info.plist */,
			);
			path = SMFrameUITests;
			sourceTree = "<group>";
		};
		FEA530A61B83A8F300A742B0 /* SMFrame */ = {
			isa = PBXGroup;
			children = (
			);
			path = SMFrame;
			sourceTree = "<group>";
		};
		FEA530A91B83A92C00A742B0 /* Frame */ = {
			isa = PBXGroup;
			children = (
				FEA530AA1B83A94100A742B0 /* ViewControoler.frame */,
			);
			path = Frame;
			sourceTree = "<group>";
		};
/* End PBXGroup section */

/* Begin PBXNativeTarget section */
		FEA5306F1B83A88C00A742B0 /* SMFrame */ = {
			isa = PBXNativeTarget;
			buildConfigurationList = FEA5309D1B83A88C00A742B0 /* Build configuration list for PBXNativeTarget "SMFrame" */;
			buildPhases = (
				FEA5306C1B83A88C00A742B0 /* Sources */,
				FEA5306D1B83A88C00A742B0 /* Frameworks */,
				FEA5306E1B83A88C00A742B0 /* Resources */,
			);
			buildRules = (
			);
			dependencies = (
			);
			name = SMFrame;
			productName = SMFrame;
			productReference = FEA530701B83A88C00A742B0 /* SMFrame.app */;
			productType = "com.apple.product-type.application";
		};
		FEA530881B83A88C00A742B0 /* SMFrameTests */ = {
			isa = PBXNativeTarget;
			buildConfigurationList = FEA530A01B83A88C00A742B0 /* Build configuration list for PBXNativeTarget "SMFrameTests" */;
			buildPhases = (
				FEA530851B83A88C00A742B0 /* Sources */,
				FEA530861B83A88C00A742B0 /* Frameworks */,
				FEA530871B83A88C00A742B0 /* Resources */,
			);
			buildRules = (
			);
			dependencies = (
				FEA5308B1B83A88C00A742B0 /* PBXTargetDependency */,
			);
			name = SMFrameTests;
			productName = SMFrameTests;
			productReference = FEA530891B83A88C00A742B0 /* SMFrameTests.xctest */;
			productType = "com.apple.product-type.bundle.unit-test";
		};
		FEA530931B83A88C00A742B0 /* SMFrameUITests */ = {
			isa = PBXNativeTarget;
			buildConfigurationList = FEA530A31B83A88C00A742B0 /* Build configuration list for PBXNativeTarget "SMFrameUITests" */;
			buildPhases = (
				FEA530901B83A88C00A742B0 /* Sources */,
				FEA530911B83A88C00A742B0 /* Frameworks */,
				FEA530921B83A88C00A742B0 /* Resources */,
			);
			buildRules = (
			);
			dependencies = (
				FEA530961B83A88C00A742B0 /* PBXTargetDependency */,
			);
			name = SMFrameUITests;
			productName = SMFrameUITests;
			productReference = FEA530941B83A88C00A742B0 /* SMFrameUITests.xctest */;
			productType = "com.apple.product-type.bundle.ui-testing";
		};
/* End PBXNativeTarget section */

/* Begin PBXProject section */
		FEA530681B83A88C00A742B0 /* Project object */ = {
			isa = PBXProject;
			attributes = {
				LastUpgradeCheck = 0700;
				ORGANIZATIONNAME = sumrise.com;
				TargetAttributes = {
					FEA5306F1B83A88C00A742B0 = {
						CreatedOnToolsVersion = 7.0;
						DevelopmentTeam = 4U92X5J5QF;
					};
					FEA530881B83A88C00A742B0 = {
						CreatedOnToolsVersion = 7.0;
						DevelopmentTeam = 4U92X5J5QF;
						TestTargetID = FEA5306F1B83A88C00A742B0;
					};
					FEA530931B83A88C00A742B0 = {
						CreatedOnToolsVersion = 7.0;
						DevelopmentTeam = 4U92X5J5QF;
						TestTargetID = FEA5306F1B83A88C00A742B0;
					};
				};
			};
			buildConfigurationList = FEA5306B1B83A88C00A742B0 /* Build configuration list for PBXProject "SMFrame" */;
			compatibilityVersion = "Xcode 3.2";
			developmentRegion = English;
			hasScannedForEncodings = 0;
			knownRegions = (
				en,
				Base,
			);
			mainGroup = FEA530671B83A88C00A742B0;
			productRefGroup = FEA530711B83A88C00A742B0 /* Products */;
			projectDirPath = "";
			projectRoot = "";
			targets = (
				FEA5306F1B83A88C00A742B0 /* SMFrame */,
				FEA530881B83A88C00A742B0 /* SMFrameTests */,
				FEA530931B83A88C00A742B0 /* SMFrameUITests */,
			);
		};
/* End PBXProject section */

/* Begin PBXResourcesBuildPhase section */
		FEA5306E1B83A88C00A742B0 /* Resources */ = {
			isa = PBXResourcesBuildPhase;
			buildActionMask = 2147483647;
			files = (
				FEA530831B83A88C00A742B0 /* LaunchScreen.storyboard in Resources */,
				FEA530801B83A88C00A742B0 /* Assets.xcassets in Resources */,
				FEA5307E1B83A88C00A742B0 /* Main.storyboard in Resources */,
				FEA530AB1B83A94100A742B0 /* ViewControoler.frame in Resources */,
			);
			runOnlyForDeploymentPostprocessing = 0;
		};
		FEA530871B83A88C00A742B0 /* Resources */ = {
			isa = PBXResourcesBuildPhase;
			buildActionMask = 2147483647;
			files = (
			);
			runOnlyForDeploymentPostprocessing = 0;
		};
		FEA530921B83A88C00A742B0 /* Resources */ = {
			isa = PBXResourcesBuildPhase;
			buildActionMask = 2147483647;
			files = (
			);
			runOnlyForDeploymentPostprocessing = 0;
		};
/* End PBXResourcesBuildPhase section */

/* Begin PBXSourcesBuildPhase section */
		FEA5306C1B83A88C00A742B0 /* Sources */ = {
			isa = PBXSourcesBuildPhase;
			buildActionMask = 2147483647;
			files = (
				FEA5307B1B83A88C00A742B0 /* ViewController.m in Sources */,
				FEA530781B83A88C00A742B0 /* AppDelegate.m in Sources */,
				FEA530751B83A88C00A742B0 /* main.m in Sources */,
			);
			runOnlyForDeploymentPostprocessing = 0;
		};
		FEA530851B83A88C00A742B0 /* Sources */ = {
			isa = PBXSourcesBuildPhase;
			buildActionMask = 2147483647;
			files = (
				FEA5308E1B83A88C00A742B0 /* SMFrameTests.m in Sources */,
			);
			runOnlyForDeploymentPostprocessing = 0;
		};
		FEA530901B83A88C00A742B0 /* Sources */ = {
			isa = PBXSourcesBuildPhase;
			buildActionMask = 2147483647;
			files = (
				FEA530991B83A88C00A742B0 /* SMFrameUITests.m in Sources */,
			);
			runOnlyForDeploymentPostprocessing = 0;
		};
/* End PBXSourcesBuildPhase section */

/* Begin PBXTargetDependency section */
		FEA5308B1B83A88C00A742B0 /* PBXTargetDependency */ = {
			isa = PBXTargetDependency;
			target = FEA5306F1B83A88C00A742B0 /* SMFrame */;
			targetProxy = FEA5308A1B83A88C00A742B0 /* PBXContainerItemProxy */;
		};
		FEA530961B83A88C00A742B0 /* PBXTargetDependency */ = {
			isa = PBXTargetDependency;
			target = FEA5306F1B83A88C00A742B0 /* SMFrame */;
			targetProxy = FEA530951B83A88C00A742B0 /* PBXContainerItemProxy */;
		};
/* End PBXTargetDependency section */

/* Begin PBXVariantGroup section */
		FEA5307C1B83A88C00A742B0 /* Main.storyboard */ = {
			isa = PBXVariantGroup;
			children = (
				FEA5307D1B83A88C00A742B0 /* Base */,
			);
			name = Main.storyboard;
			sourceTree = "<group>";
		};
		FEA530811B83A88C00A742B0 /* LaunchScreen.storyboard */ = {
			isa = PBXVariantGroup;
			children = (
				FEA530821B83A88C00A742B0 /* Base */,
			);
			name = LaunchScreen.storyboard;
			sourceTree = "<group>";
		};
/* End PBXVariantGroup section */

/* Begin XCBuildConfiguration section */
		FEA5309B1B83A88C00A742B0 /* Debug */ = {
			isa = XCBuildConfiguration;
			buildSettings = {
				ALWAYS_SEARCH_USER_PATHS = NO;
				CLANG_CXX_LANGUAGE_STANDARD = "gnu++0x";
				CLANG_CXX_LIBRARY = "libc++";
				CLANG_ENABLE_MODULES = YES;
				CLANG_ENABLE_OBJC_ARC = YES;
				CLANG_WARN_BOOL_CONVERSION = YES;
				CLANG_WARN_CONSTANT_CONVERSION = YES;
				CLANG_WARN_DIRECT_OBJC_ISA_USAGE = YES_ERROR;
				CLANG_WARN_EMPTY_BODY = YES;
				CLANG_WARN_ENUM_CONVERSION = YES;
				CLANG_WARN_INT_CONVERSION = YES;
				CLANG_WARN_OBJC_ROOT_CLASS = YES_ERROR;
				CLANG_WARN_UNREACHABLE_CODE = YES;
				CLANG_WARN__DUPLICATE_METHOD_MATCH = YES;
				"CODE_SIGN_IDENTITY[sdk=iphoneos*]" = "iPhone Developer";
				COPY_PHASE_STRIP = NO;
				DEBUG_INFORMATION_FORMAT = dwarf;
				ENABLE_STRICT_OBJC_MSGSEND = YES;
				ENABLE_TESTABILITY = YES;
				GCC_C_LANGUAGE_STANDARD = gnu99;
				GCC_DYNAMIC_NO_PIC = NO;
				GCC_NO_COMMON_BLOCKS = YES;
				GCC_OPTIMIZATION_LEVEL = 0;
				GCC_PREPROCESSOR_DEFINITIONS = (
					"DEBUG=1",
					"$(inherited)",
				);
				GCC_WARN_64_TO_32_BIT_CONVERSION = YES;
				GCC_WARN_ABOUT_RETURN_TYPE = YES_ERROR;
				GCC_WARN_UNDECLARED_SELECTOR = YES;
				GCC_WARN_UNINITIALIZED_AUTOS = YES_AGGRESSIVE;
				GCC_WARN_UNUSED_FUNCTION = YES;
				GCC_WARN_UNUSED_VARIABLE = YES;
				IPHONEOS_DEPLOYMENT_TARGET = 9.0;
				MTL_ENABLE_DEBUG_INFO = YES;
				ONLY_ACTIVE_ARCH = YES;
				SDKROOT = iphoneos;
				TARGETED_DEVICE_FAMILY = "1,2";
			};
			name = Debug;
		};
		FEA5309C1B83A88C00A742B0 /* Release */ = {
			isa = XCBuildConfiguration;
			buildSettings = {
				ALWAYS_SEARCH_USER_PATHS = NO;
				CLANG_CXX_LANGUAGE_STANDARD = "gnu++0x";
				CLANG_CXX_LIBRARY = "libc++";
				CLANG_ENABLE_MODULES = YES;
				CLANG_ENABLE_OBJC_ARC = YES;
				CLANG_WARN_BOOL_CONVERSION = YES;
				CLANG_WARN_CONSTANT_CONVERSION = YES;
				CLANG_WARN_DIRECT_OBJC_ISA_USAGE = YES_ERROR;
				CLANG_WARN_EMPTY_BODY = YES;
				CLANG_WARN_ENUM_CONVERSION = YES;
				CLANG_WARN_INT_CONVERSION = YES;
				CLANG_WARN_OBJC_ROOT_CLASS = YES_ERROR;
				CLANG_WARN_UNREACHABLE_CODE = YES;
				CLANG_WARN__DUPLICATE_METHOD_MATCH = YES;
				"CODE_SIGN_IDENTITY[sdk=iphoneos*]" = "iPhone Developer";
				COPY_PHASE_STRIP = NO;
				DEBUG_INFORMATION_FORMAT = "dwarf-with-dsym";
				ENABLE_NS_ASSERTIONS = NO;
				ENABLE_STRICT_OBJC_MSGSEND = YES;
				GCC_C_LANGUAGE_STANDARD = gnu99;
				GCC_NO_COMMON_BLOCKS = YES;
				GCC_WARN_64_TO_32_BIT_CONVERSION = YES;
				GCC_WARN_ABOUT_RETURN_TYPE = YES_ERROR;
				GCC_WARN_UNDECLARED_SELECTOR = YES;
				GCC_WARN_UNINITIALIZED_AUTOS = YES_AGGRESSIVE;
				GCC_WARN_UNUSED_FUNCTION = YES;
				GCC_WARN_UNUSED_VARIABLE = YES;
				IPHONEOS_DEPLOYMENT_TARGET = 9.0;
				MTL_ENABLE_DEBUG_INFO = NO;
				SDKROOT = iphoneos;
				TARGETED_DEVICE_FAMILY = "1,2";
				VALIDATE_PRODUCT = YES;
			};
			name = Release;
		};
		FEA5309E1B83A88C00A742B0 /* Debug */ = {
			isa = XCBuildConfiguration;
			buildSettings = {
				ASSETCATALOG_COMPILER_APPICON_NAME = AppIcon;
				INFOPLIST_FILE = SMFrame/Info.plist;
				LD_RUNPATH_SEARCH_PATHS = "$(inherited) @executable_path/Frameworks";
				PRODUCT_BUNDLE_IDENTIFIER = SM.SMFrame;
				PRODUCT_NAME = "$(TARGET_NAME)";
			};
			name = Debug;
		};
		FEA5309F1B83A88C00A742B0 /* Release */ = {
			isa = XCBuildConfiguration;
			buildSettings = {
				ASSETCATALOG_COMPILER_APPICON_NAME = AppIcon;
				INFOPLIST_FILE = SMFrame/Info.plist;
				LD_RUNPATH_SEARCH_PATHS = "$(inherited) @executable_path/Frameworks";
				PRODUCT_BUNDLE_IDENTIFIER = SM.SMFrame;
				PRODUCT_NAME = "$(TARGET_NAME)";
			};
			name = Release;
		};
		FEA530A11B83A88C00A742B0 /* Debug */ = {
			isa = XCBuildConfiguration;
			buildSettings = {
				BUNDLE_LOADER = "$(TEST_HOST)";
				INFOPLIST_FILE = SMFrameTests/Info.plist;
				LD_RUNPATH_SEARCH_PATHS = "$(inherited) @executable_path/Frameworks @loader_path/Frameworks";
				PRODUCT_BUNDLE_IDENTIFIER = SM.SMFrameTests;
				PRODUCT_NAME = "$(TARGET_NAME)";
				TEST_HOST = "$(BUILT_PRODUCTS_DIR)/SMFrame.app/SMFrame";
			};
			name = Debug;
		};
		FEA530A21B83A88C00A742B0 /* Release */ = {
			isa = XCBuildConfiguration;
			buildSettings = {
				BUNDLE_LOADER = "$(TEST_HOST)";
				INFOPLIST_FILE = SMFrameTests/Info.plist;
				LD_RUNPATH_SEARCH_PATHS = "$(inherited) @executable_path/Frameworks @loader_path/Frameworks";
				PRODUCT_BUNDLE_IDENTIFIER = SM.SMFrameTests;
				PRODUCT_NAME = "$(TARGET_NAME)";
				TEST_HOST = "$(BUILT_PRODUCTS_DIR)/SMFrame.app/SMFrame";
			};
			name = Release;
		};
		FEA530A41B83A88C00A742B0 /* Debug */ = {
			isa = XCBuildConfiguration;
			buildSettings = {
				INFOPLIST_FILE = SMFrameUITests/Info.plist;
				LD_RUNPATH_SEARCH_PATHS = "$(inherited) @executable_path/Frameworks @loader_path/Frameworks";
				PRODUCT_BUNDLE_IDENTIFIER = SM.SMFrameUITests;
				PRODUCT_NAME = "$(TARGET_NAME)";
				TEST_TARGET_NAME = SMFrame;
				USES_XCTRUNNER = YES;
			};
			name = Debug;
		};
		FEA530A51B83A88C00A742B0 /* Release */ = {
			isa = XCBuildConfiguration;
			buildSettings = {
				INFOPLIST_FILE = SMFrameUITests/Info.plist;
				LD_RUNPATH_SEARCH_PATHS = "$(inherited) @executable_path/Frameworks @loader_path/Frameworks";
				PRODUCT_BUNDLE_IDENTIFIER = SM.SMFrameUITests;
				PRODUCT_NAME = "$(TARGET_NAME)";
				TEST_TARGET_NAME = SMFrame;
				USES_XCTRUNNER = YES;
			};
			name = Release;
		};
/* End XCBuildConfiguration section */

/* Begin XCConfigurationList section */
		FEA5306B1B83A88C00A742B0 /* Build configuration list for PBXProject "SMFrame" */ = {
			isa = XCConfigurationList;
			buildConfigurations = (
				FEA5309B1B83A88C00A742B0 /* Debug */,
				FEA5309C1B83A88C00A742B0 /* Release */,
			);
			defaultConfigurationIsVisible = 0;
			defaultConfigurationName = Release;
		};
		FEA5309D1B83A88C00A742B0 /* Build configuration list for PBXNativeTarget "SMFrame" */ = {
			isa = XCConfigurationList;
			buildConfigurations = (
				FEA5309E1B83A88C00A742B0 /* Debug */,
				FEA5309F1B83A88C00A742B0 /* Release */,
			);
			defaultConfigurationIsVisible = 0;
			defaultConfigurationName = Release;
		};
		FEA530A01B83A88C00A742B0 /* Build configuration list for PBXNativeTarget "SMFrameTests" */ = {
			isa = XCConfigurationList;
			buildConfigurations = (
				FEA530A11B83A88C00A742B0 /* Debug */,
				FEA530A21B83A88C00A742B0 /* Release */,
			);
			defaultConfigurationIsVisible = 0;
			defaultConfigurationName = Release;
		};
		FEA530A31B83A88C00A742B0 /* Build configuration list for PBXNativeTarget "SMFrameUITests" */ = {
			isa = XCConfigurationList;
			buildConfigurations = (
				FEA530A41B83A88C00A742B0 /* Debug */,
				FEA530A51B83A88C00A742B0 /* Release */,
			);
			defaultConfigurationIsVisible = 0;
			defaultConfigurationName = Release;
		};
/* End XCConfigurationList section */
	};
	rootObject = FEA530681B83A88C00A742B0 /* Project object */;
}
