// !$*UTF8*$!
{
	archiveVersion = 1;
	classes = {
	};
	objectVersion = 46;
	objects = {

/* Begin PBXBuildFile section */
		FE4CE26A1A56536900497804 /* SGKBaseModel.m in Sources */ = {isa = PBXBuildFile; fileRef = FE4CE2691A56536900497804 /* SGKBaseModel.m */; };
		FE4CE2711A56587D00497804 /* example_categories.json in Resources */ = {isa = PBXBuildFile; fileRef = FE4CE2701A56587D00497804 /* example_categories.json */; };
		FE4CE2741A565A4D00497804 /* SGKJsonManager.m in Sources */ = {isa = PBXBuildFile; fileRef = FE4CE2731A565A4D00497804 /* SGKJsonManager.m */; };
		FE6894BE1A551A0F001B3EAD /* main.m in Sources */ = {isa = PBXBuildFile; fileRef = FE6894BB1A551A0F001B3EAD /* main.m */; };
		FE6894BF1A551A0F001B3EAD /* SGKAppDelegate.m in Sources */ = {isa = PBXBuildFile; fileRef = FE6894BD1A551A0F001B3EAD /* SGKAppDelegate.m */; };
		FE6894C31A551C86001B3EAD /* SGKMainTableViewController.m in Sources */ = {isa = PBXBuildFile; fileRef = FE6894C21A551C86001B3EAD /* SGKMainTableViewController.m */; };
		FE6894CF1A5526BB001B3EAD /* SGKCategoryModel.m in Sources */ = {isa = PBXBuildFile; fileRef = FE6894CE1A5526BB001B3EAD /* SGKCategoryModel.m */; };
		FE6894D21A5526CA001B3EAD /* SGKExampleModel.m in Sources */ = {isa = PBXBuildFile; fileRef = FE6894D11A5526CA001B3EAD /* SGKExampleModel.m */; };
		FE7F95981A68B2BD00F39C44 /* SGKSocketSenderViewController.m in Sources */ = {isa = PBXBuildFile; fileRef = FE7F95971A68B2BD00F39C44 /* SGKSocketSenderViewController.m */; };
		FE7F95B41A68B40C00F39C44 /* SGKSocketSender.m in Sources */ = {isa = PBXBuildFile; fileRef = FE7F95B31A68B40C00F39C44 /* SGKSocketSender.m */; };
		FE9C42D31A5FA765002C258A /* SGKSectionStateModel.m in Sources */ = {isa = PBXBuildFile; fileRef = FE9C42D21A5FA765002C258A /* SGKSectionStateModel.m */; };
		FEA7DA101A6E026500FF9A7A /* NSString+MD5Addition.m in Sources */ = {isa = PBXBuildFile; fileRef = FEA7DA0F1A6E026500FF9A7A /* NSString+MD5Addition.m */; };
		FEAE251D1A53CA8F00165C55 /* Foundation.framework in Frameworks */ = {isa = PBXBuildFile; fileRef = FEAE251C1A53CA8F00165C55 /* Foundation.framework */; };
		FEAE251F1A53CA8F00165C55 /* CoreGraphics.framework in Frameworks */ = {isa = PBXBuildFile; fileRef = FEAE251E1A53CA8F00165C55 /* CoreGraphics.framework */; };
		FEAE25211A53CA8F00165C55 /* UIKit.framework in Frameworks */ = {isa = PBXBuildFile; fileRef = FEAE25201A53CA8F00165C55 /* UIKit.framework */; };
		FEAE25271A53CA8F00165C55 /* InfoPlist.strings in Resources */ = {isa = PBXBuildFile; fileRef = FEAE25251A53CA8F00165C55 /* InfoPlist.strings */; };
		FEAE252F1A53CA8F00165C55 /* Images.xcassets in Resources */ = {isa = PBXBuildFile; fileRef = FEAE252E1A53CA8F00165C55 /* Images.xcassets */; };
		FEAE25361A53CA9000165C55 /* XCTest.framework in Frameworks */ = {isa = PBXBuildFile; fileRef = FEAE25351A53CA9000165C55 /* XCTest.framework */; };
		FEAE25371A53CA9000165C55 /* Foundation.framework in Frameworks */ = {isa = PBXBuildFile; fileRef = FEAE251C1A53CA8F00165C55 /* Foundation.framework */; };
		FEAE25381A53CA9000165C55 /* UIKit.framework in Frameworks */ = {isa = PBXBuildFile; fileRef = FEAE25201A53CA8F00165C55 /* UIKit.framework */; };
		FEAE25401A53CA9000165C55 /* InfoPlist.strings in Resources */ = {isa = PBXBuildFile; fileRef = FEAE253E1A53CA9000165C55 /* InfoPlist.strings */; };
		FEAE25421A53CA9000165C55 /* DemoStrutsTests.m in Sources */ = {isa = PBXBuildFile; fileRef = FEAE25411A53CA9000165C55 /* DemoStrutsTests.m */; };
		FEBBA3601A6368960002F1CB /* SGKSampleViewController.m in Sources */ = {isa = PBXBuildFile; fileRef = FEBBA35F1A6368960002F1CB /* SGKSampleViewController.m */; };
		FEBBA3641A6368CB0002F1CB /* SGKReflectionViewController.m in Sources */ = {isa = PBXBuildFile; fileRef = FEBBA3631A6368CB0002F1CB /* SGKReflectionViewController.m */; };
		FEBBA36E1A6368E10002F1CB /* a.png in Resources */ = {isa = PBXBuildFile; fileRef = FEBBA3671A6368E10002F1CB /* a.png */; };
		FEBBA36F1A6368E10002F1CB /* b.png in Resources */ = {isa = PBXBuildFile; fileRef = FEBBA3681A6368E10002F1CB /* b.png */; };
		FEBBA3701A6368E10002F1CB /* c.png in Resources */ = {isa = PBXBuildFile; fileRef = FEBBA3691A6368E10002F1CB /* c.png */; };
		FEBBA3711A6368E10002F1CB /* x.png in Resources */ = {isa = PBXBuildFile; fileRef = FEBBA36A1A6368E10002F1CB /* x.png */; };
		FEBBA3721A6368E10002F1CB /* y.png in Resources */ = {isa = PBXBuildFile; fileRef = FEBBA36B1A6368E10002F1CB /* y.png */; };
		FEBBA3731A6368E10002F1CB /* z.png in Resources */ = {isa = PBXBuildFile; fileRef = FEBBA36C1A6368E10002F1CB /* z.png */; };
		FEBBA3741A6368E10002F1CB /* showReflection.jpg in Resources */ = {isa = PBXBuildFile; fileRef = FEBBA36D1A6368E10002F1CB /* showReflection.jpg */; };
		FEBBA37E1A63691D0002F1CB /* SGKNotificaitonModel.m in Sources */ = {isa = PBXBuildFile; fileRef = FEBBA3781A63691D0002F1CB /* SGKNotificaitonModel.m */; };
		FEBBA37F1A63691D0002F1CB /* SGKLocalNotificationViewController.m in Sources */ = {isa = PBXBuildFile; fileRef = FEBBA37A1A63691D0002F1CB /* SGKLocalNotificationViewController.m */; };
		FEBBA3801A63691D0002F1CB /* SGKJump.m in Sources */ = {isa = PBXBuildFile; fileRef = FEBBA37D1A63691D0002F1CB /* SGKJump.m */; };
		FEBBA3871A6369C50002F1CB /* SGKCollectionViewController.m in Sources */ = {isa = PBXBuildFile; fileRef = FEBBA3861A6369C50002F1CB /* SGKCollectionViewController.m */; };
		FEBBA38A1A6395B10002F1CB /* SGKCollectionViewCell.m in Sources */ = {isa = PBXBuildFile; fileRef = FEBBA3891A6395B10002F1CB /* SGKCollectionViewCell.m */; };
/* End PBXBuildFile section */

/* Begin PBXContainerItemProxy section */
		FEAE25391A53CA9000165C55 /* PBXContainerItemProxy */ = {
			isa = PBXContainerItemProxy;
			containerPortal = FEAE25111A53CA8F00165C55 /* Project object */;
			proxyType = 1;
			remoteGlobalIDString = FEAE25181A53CA8F00165C55;
			remoteInfo = DemoStruts;
		};
/* End PBXContainerItemProxy section */

/* Begin PBXFileReference section */
		FE4CE2681A56536900497804 /* SGKBaseModel.h */ = {isa = PBXFileReference; fileEncoding = 4; lastKnownFileType = sourcecode.c.h; path = SGKBaseModel.h; sourceTree = "<group>"; };
		FE4CE2691A56536900497804 /* SGKBaseModel.m */ = {isa = PBXFileReference; fileEncoding = 4; lastKnownFileType = sourcecode.c.objc; path = SGKBaseModel.m; sourceTree = "<group>"; };
		FE4CE26F1A56552600497804 /* SGKSettings.h */ = {isa = PBXFileReference; lastKnownFileType = sourcecode.c.h; path = SGKSettings.h; sourceTree = "<group>"; };
		FE4CE2701A56587D00497804 /* example_categories.json */ = {isa = PBXFileReference; fileEncoding = 4; lastKnownFileType = text.json; path = example_categories.json; sourceTree = "<group>"; };
		FE4CE2721A565A4D00497804 /* SGKJsonManager.h */ = {isa = PBXFileReference; fileEncoding = 4; lastKnownFileType = sourcecode.c.h; path = SGKJsonManager.h; sourceTree = "<group>"; };
		FE4CE2731A565A4D00497804 /* SGKJsonManager.m */ = {isa = PBXFileReference; fileEncoding = 4; lastKnownFileType = sourcecode.c.objc; path = SGKJsonManager.m; sourceTree = "<group>"; };
		FE6894BB1A551A0F001B3EAD /* main.m */ = {isa = PBXFileReference; fileEncoding = 4; lastKnownFileType = sourcecode.c.objc; path = main.m; sourceTree = "<group>"; };
		FE6894BC1A551A0F001B3EAD /* SGKAppDelegate.h */ = {isa = PBXFileReference; fileEncoding = 4; lastKnownFileType = sourcecode.c.h; path = SGKAppDelegate.h; sourceTree = "<group>"; };
		FE6894BD1A551A0F001B3EAD /* SGKAppDelegate.m */ = {isa = PBXFileReference; fileEncoding = 4; lastKnownFileType = sourcecode.c.objc; path = SGKAppDelegate.m; sourceTree = "<group>"; };
		FE6894C11A551C86001B3EAD /* SGKMainTableViewController.h */ = {isa = PBXFileReference; fileEncoding = 4; lastKnownFileType = sourcecode.c.h; path = SGKMainTableViewController.h; sourceTree = "<group>"; };
		FE6894C21A551C86001B3EAD /* SGKMainTableViewController.m */ = {isa = PBXFileReference; fileEncoding = 4; lastKnownFileType = sourcecode.c.objc; path = SGKMainTableViewController.m; sourceTree = "<group>"; };
		FE6894CD1A5526BB001B3EAD /* SGKCategoryModel.h */ = {isa = PBXFileReference; fileEncoding = 4; lastKnownFileType = sourcecode.c.h; path = SGKCategoryModel.h; sourceTree = "<group>"; };
		FE6894CE1A5526BB001B3EAD /* SGKCategoryModel.m */ = {isa = PBXFileReference; fileEncoding = 4; lastKnownFileType = sourcecode.c.objc; path = SGKCategoryModel.m; sourceTree = "<group>"; };
		FE6894D01A5526CA001B3EAD /* SGKExampleModel.h */ = {isa = PBXFileReference; fileEncoding = 4; lastKnownFileType = sourcecode.c.h; path = SGKExampleModel.h; sourceTree = "<group>"; };
		FE6894D11A5526CA001B3EAD /* SGKExampleModel.m */ = {isa = PBXFileReference; fileEncoding = 4; lastKnownFileType = sourcecode.c.objc; path = SGKExampleModel.m; sourceTree = "<group>"; };
		FE7F95961A68B2BD00F39C44 /* SGKSocketSenderViewController.h */ = {isa = PBXFileReference; fileEncoding = 4; lastKnownFileType = sourcecode.c.h; path = SGKSocketSenderViewController.h; sourceTree = "<group>"; };
		FE7F95971A68B2BD00F39C44 /* SGKSocketSenderViewController.m */ = {isa = PBXFileReference; fileEncoding = 4; lastKnownFileType = sourcecode.c.objc; path = SGKSocketSenderViewController.m; sourceTree = "<group>"; };
		FE7F95B21A68B40C00F39C44 /* SGKSocketSender.h */ = {isa = PBXFileReference; fileEncoding = 4; lastKnownFileType = sourcecode.c.h; path = SGKSocketSender.h; sourceTree = "<group>"; };
		FE7F95B31A68B40C00F39C44 /* SGKSocketSender.m */ = {isa = PBXFileReference; fileEncoding = 4; lastKnownFileType = sourcecode.c.objc; path = SGKSocketSender.m; sourceTree = "<group>"; };
		FE9C42D11A5FA765002C258A /* SGKSectionStateModel.h */ = {isa = PBXFileReference; fileEncoding = 4; lastKnownFileType = sourcecode.c.h; path = SGKSectionStateModel.h; sourceTree = "<group>"; };
		FE9C42D21A5FA765002C258A /* SGKSectionStateModel.m */ = {isa = PBXFileReference; fileEncoding = 4; lastKnownFileType = sourcecode.c.objc; path = SGKSectionStateModel.m; sourceTree = "<group>"; };
		FEA7DA0E1A6E026500FF9A7A /* NSString+MD5Addition.h */ = {isa = PBXFileReference; fileEncoding = 4; lastKnownFileType = sourcecode.c.h; path = "NSString+MD5Addition.h"; sourceTree = "<group>"; };
		FEA7DA0F1A6E026500FF9A7A /* NSString+MD5Addition.m */ = {isa = PBXFileReference; fileEncoding = 4; lastKnownFileType = sourcecode.c.objc; path = "NSString+MD5Addition.m"; sourceTree = "<group>"; };
		FEAE25191A53CA8F00165C55 /* DemoStruts.app */ = {isa = PBXFileReference; explicitFileType = wrapper.application; includeInIndex = 0; path = DemoStruts.app; sourceTree = BUILT_PRODUCTS_DIR; };
		FEAE251C1A53CA8F00165C55 /* Foundation.framework */ = {isa = PBXFileReference; lastKnownFileType = wrapper.framework; name = Foundation.framework; path = System/Library/Frameworks/Foundation.framework; sourceTree = SDKROOT; };
		FEAE251E1A53CA8F00165C55 /* CoreGraphics.framework */ = {isa = PBXFileReference; lastKnownFileType = wrapper.framework; name = CoreGraphics.framework; path = System/Library/Frameworks/CoreGraphics.framework; sourceTree = SDKROOT; };
		FEAE25201A53CA8F00165C55 /* UIKit.framework */ = {isa = PBXFileReference; lastKnownFileType = wrapper.framework; name = UIKit.framework; path = System/Library/Frameworks/UIKit.framework; sourceTree = SDKROOT; };
		FEAE25241A53CA8F00165C55 /* DemoStruts-Info.plist */ = {isa = PBXFileReference; lastKnownFileType = text.plist.xml; path = "DemoStruts-Info.plist"; sourceTree = "<group>"; };
		FEAE25261A53CA8F00165C55 /* en */ = {isa = PBXFileReference; lastKnownFileType = text.plist.strings; name = en; path = en.lproj/InfoPlist.strings; sourceTree = "<group>"; };
		FEAE252A1A53CA8F00165C55 /* DemoStruts-Prefix.pch */ = {isa = PBXFileReference; lastKnownFileType = sourcecode.c.h; path = "DemoStruts-Prefix.pch"; sourceTree = "<group>"; };
		FEAE252E1A53CA8F00165C55 /* Images.xcassets */ = {isa = PBXFileReference; lastKnownFileType = folder.assetcatalog; path = Images.xcassets; sourceTree = "<group>"; };
		FEAE25341A53CA9000165C55 /* DemoStrutsTests.xctest */ = {isa = PBXFileReference; explicitFileType = wrapper.cfbundle; includeInIndex = 0; path = DemoStrutsTests.xctest; sourceTree = BUILT_PRODUCTS_DIR; };
		FEAE25351A53CA9000165C55 /* XCTest.framework */ = {isa = PBXFileReference; lastKnownFileType = wrapper.framework; name = XCTest.framework; path = Library/Frameworks/XCTest.framework; sourceTree = DEVELOPER_DIR; };
		FEAE253D1A53CA9000165C55 /* DemoStrutsTests-Info.plist */ = {isa = PBXFileReference; lastKnownFileType = text.plist.xml; path = "DemoStrutsTests-Info.plist"; sourceTree = "<group>"; };
		FEAE253F1A53CA9000165C55 /* en */ = {isa = PBXFileReference; lastKnownFileType = text.plist.strings; name = en; path = en.lproj/InfoPlist.strings; sourceTree = "<group>"; };
		FEAE25411A53CA9000165C55 /* DemoStrutsTests.m */ = {isa = PBXFileReference; lastKnownFileType = sourcecode.c.objc; path = DemoStrutsTests.m; sourceTree = "<group>"; };
		FEBBA35E1A6368960002F1CB /* SGKSampleViewController.h */ = {isa = PBXFileReference; fileEncoding = 4; lastKnownFileType = sourcecode.c.h; path = SGKSampleViewController.h; sourceTree = "<group>"; };
		FEBBA35F1A6368960002F1CB /* SGKSampleViewController.m */ = {isa = PBXFileReference; fileEncoding = 4; lastKnownFileType = sourcecode.c.objc; path = SGKSampleViewController.m; sourceTree = "<group>"; };
		FEBBA3621A6368CB0002F1CB /* SGKReflectionViewController.h */ = {isa = PBXFileReference; fileEncoding = 4; lastKnownFileType = sourcecode.c.h; path = SGKReflectionViewController.h; sourceTree = "<group>"; };
		FEBBA3631A6368CB0002F1CB /* SGKReflectionViewController.m */ = {isa = PBXFileReference; fileEncoding = 4; lastKnownFileType = sourcecode.c.objc; path = SGKReflectionViewController.m; sourceTree = "<group>"; };
		FEBBA3671A6368E10002F1CB /* a.png */ = {isa = PBXFileReference; lastKnownFileType = image.png; path = a.png; sourceTree = "<group>"; };
		FEBBA3681A6368E10002F1CB /* b.png */ = {isa = PBXFileReference; lastKnownFileType = image.png; path = b.png; sourceTree = "<group>"; };
		FEBBA3691A6368E10002F1CB /* c.png */ = {isa = PBXFileReference; lastKnownFileType = image.png; path = c.png; sourceTree = "<group>"; };
		FEBBA36A1A6368E10002F1CB /* x.png */ = {isa = PBXFileReference; lastKnownFileType = image.png; path = x.png; sourceTree = "<group>"; };
		FEBBA36B1A6368E10002F1CB /* y.png */ = {isa = PBXFileReference; lastKnownFileType = image.png; path = y.png; sourceTree = "<group>"; };
		FEBBA36C1A6368E10002F1CB /* z.png */ = {isa = PBXFileReference; lastKnownFileType = image.png; path = z.png; sourceTree = "<group>"; };
		FEBBA36D1A6368E10002F1CB /* showReflection.jpg */ = {isa = PBXFileReference; lastKnownFileType = image.jpeg; path = showReflection.jpg; sourceTree = "<group>"; };
		FEBBA3771A63691D0002F1CB /* SGKNotificaitonModel.h */ = {isa = PBXFileReference; fileEncoding = 4; lastKnownFileType = sourcecode.c.h; path = SGKNotificaitonModel.h; sourceTree = "<group>"; };
		FEBBA3781A63691D0002F1CB /* SGKNotificaitonModel.m */ = {isa = PBXFileReference; fileEncoding = 4; lastKnownFileType = sourcecode.c.objc; path = SGKNotificaitonModel.m; sourceTree = "<group>"; };
		FEBBA3791A63691D0002F1CB /* SGKLocalNotificationViewController.h */ = {isa = PBXFileReference; fileEncoding = 4; lastKnownFileType = sourcecode.c.h; path = SGKLocalNotificationViewController.h; sourceTree = "<group>"; };
		FEBBA37A1A63691D0002F1CB /* SGKLocalNotificationViewController.m */ = {isa = PBXFileReference; fileEncoding = 4; lastKnownFileType = sourcecode.c.objc; path = SGKLocalNotificationViewController.m; sourceTree = "<group>"; };
		FEBBA37C1A63691D0002F1CB /* SGKJump.h */ = {isa = PBXFileReference; fileEncoding = 4; lastKnownFileType = sourcecode.c.h; path = SGKJump.h; sourceTree = "<group>"; };
		FEBBA37D1A63691D0002F1CB /* SGKJump.m */ = {isa = PBXFileReference; fileEncoding = 4; lastKnownFileType = sourcecode.c.objc; path = SGKJump.m; sourceTree = "<group>"; };
		FEBBA3851A6369C50002F1CB /* SGKCollectionViewController.h */ = {isa = PBXFileReference; fileEncoding = 4; lastKnownFileType = sourcecode.c.h; path = SGKCollectionViewController.h; sourceTree = "<group>"; };
		FEBBA3861A6369C50002F1CB /* SGKCollectionViewController.m */ = {isa = PBXFileReference; fileEncoding = 4; lastKnownFileType = sourcecode.c.objc; path = SGKCollectionViewController.m; sourceTree = "<group>"; };
		FEBBA3881A6395B10002F1CB /* SGKCollectionViewCell.h */ = {isa = PBXFileReference; fileEncoding = 4; lastKnownFileType = sourcecode.c.h; path = SGKCollectionViewCell.h; sourceTree = "<group>"; };
		FEBBA3891A6395B10002F1CB /* SGKCollectionViewCell.m */ = {isa = PBXFileReference; fileEncoding = 4; lastKnownFileType = sourcecode.c.objc; path = SGKCollectionViewCell.m; sourceTree = "<group>"; };
/* End PBXFileReference section */

/* Begin PBXFrameworksBuildPhase section */
		FEAE25161A53CA8F00165C55 /* Frameworks */ = {
			isa = PBXFrameworksBuildPhase;
			buildActionMask = 2147483647;
			files = (
				FEAE251F1A53CA8F00165C55 /* CoreGraphics.framework in Frameworks */,
				FEAE25211A53CA8F00165C55 /* UIKit.framework in Frameworks */,
				FEAE251D1A53CA8F00165C55 /* Foundation.framework in Frameworks */,
			);
			runOnlyForDeploymentPostprocessing = 0;
		};
		FEAE25311A53CA9000165C55 /* Frameworks */ = {
			isa = PBXFrameworksBuildPhase;
			buildActionMask = 2147483647;
			files = (
				FEAE25361A53CA9000165C55 /* XCTest.framework in Frameworks */,
				FEAE25381A53CA9000165C55 /* UIKit.framework in Frameworks */,
				FEAE25371A53CA9000165C55 /* Foundation.framework in Frameworks */,
			);
			runOnlyForDeploymentPostprocessing = 0;
		};
/* End PBXFrameworksBuildPhase section */

/* Begin PBXGroup section */
		FE27695B1A7C76AD0096B128 /* 工具类 */ = {
			isa = PBXGroup;
			children = (
			);
			path = "工具类";
			sourceTree = "<group>";
		};
		FE4CE2631A56532200497804 /* ThirdLibs */ = {
			isa = PBXGroup;
			children = (
				FEA7DA0D1A6E026500FF9A7A /* MD5 */,
				FE7F95B11A68B40C00F39C44 /* SGKSocketSender */,
			);
			path = ThirdLibs;
			sourceTree = "<group>";
		};
		FE4CE26B1A5653F600497804 /* Headers */ = {
			isa = PBXGroup;
			children = (
				FE4CE26F1A56552600497804 /* SGKSettings.h */,
			);
			path = Headers;
			sourceTree = "<group>";
		};
		FE4CE2781A56855100497804 /* Sample */ = {
			isa = PBXGroup;
			children = (
				FEBBA35D1A6368960002F1CB /* 示例 */,
			);
			path = Sample;
			sourceTree = "<group>";
		};
		FE6894B61A5519BD001B3EAD /* Class */ = {
			isa = PBXGroup;
			children = (
				FE4CE2631A56532200497804 /* ThirdLibs */,
				FE4CE26B1A5653F600497804 /* Headers */,
				FE6894C51A552114001B3EAD /* Util */,
				FE6894B71A5519BD001B3EAD /* Examples */,
				FE6894C61A552642001B3EAD /* Models */,
				FE6894C01A551B2D001B3EAD /* Skeleton */,
				FE6894BA1A551A0F001B3EAD /* Others */,
			);
			path = Class;
			sourceTree = "<group>";
		};
		FE6894B71A5519BD001B3EAD /* Examples */ = {
			isa = PBXGroup;
			children = (
				FE27695B1A7C76AD0096B128 /* 工具类 */,
				FE7F95941A68B24C00F39C44 /* 网络类 */,
				FE9C42CD1A5FA4D6002C258A /* 通知类 */,
				FEA0A4941A5D238600991D4A /* 画面类 */,
				FE4CE2781A56855100497804 /* Sample */,
			);
			path = Examples;
			sourceTree = "<group>";
		};
		FE6894BA1A551A0F001B3EAD /* Others */ = {
			isa = PBXGroup;
			children = (
				FE6894BB1A551A0F001B3EAD /* main.m */,
				FE6894BC1A551A0F001B3EAD /* SGKAppDelegate.h */,
				FE6894BD1A551A0F001B3EAD /* SGKAppDelegate.m */,
			);
			path = Others;
			sourceTree = "<group>";
		};
		FE6894C01A551B2D001B3EAD /* Skeleton */ = {
			isa = PBXGroup;
			children = (
				FE6894C11A551C86001B3EAD /* SGKMainTableViewController.h */,
				FE6894C21A551C86001B3EAD /* SGKMainTableViewController.m */,
			);
			path = Skeleton;
			sourceTree = "<group>";
		};
		FE6894C51A552114001B3EAD /* Util */ = {
			isa = PBXGroup;
			children = (
				FE4CE2721A565A4D00497804 /* SGKJsonManager.h */,
				FE4CE2731A565A4D00497804 /* SGKJsonManager.m */,
			);
			path = Util;
			sourceTree = "<group>";
		};
		FE6894C61A552642001B3EAD /* Models */ = {
			isa = PBXGroup;
			children = (
				FE4CE2681A56536900497804 /* SGKBaseModel.h */,
				FE4CE2691A56536900497804 /* SGKBaseModel.m */,
				FE6894CD1A5526BB001B3EAD /* SGKCategoryModel.h */,
				FE6894CE1A5526BB001B3EAD /* SGKCategoryModel.m */,
				FE6894D01A5526CA001B3EAD /* SGKExampleModel.h */,
				FE6894D11A5526CA001B3EAD /* SGKExampleModel.m */,
				FE9C42D11A5FA765002C258A /* SGKSectionStateModel.h */,
				FE9C42D21A5FA765002C258A /* SGKSectionStateModel.m */,
			);
			path = Models;
			sourceTree = "<group>";
		};
		FE7F95941A68B24C00F39C44 /* 网络类 */ = {
			isa = PBXGroup;
			children = (
				FE7F95951A68B24C00F39C44 /* 套接字_C */,
			);
			path = "网络类";
			sourceTree = "<group>";
		};
		FE7F95951A68B24C00F39C44 /* 套接字_C */ = {
			isa = PBXGroup;
			children = (
				FE7F95961A68B2BD00F39C44 /* SGKSocketSenderViewController.h */,
				FE7F95971A68B2BD00F39C44 /* SGKSocketSenderViewController.m */,
			);
			path = "套接字_C";
			sourceTree = "<group>";
		};
		FE7F95B11A68B40C00F39C44 /* SGKSocketSender */ = {
			isa = PBXGroup;
			children = (
				FE7F95B21A68B40C00F39C44 /* SGKSocketSender.h */,
				FE7F95B31A68B40C00F39C44 /* SGKSocketSender.m */,
			);
			path = SGKSocketSender;
			sourceTree = "<group>";
		};
		FE9C42CD1A5FA4D6002C258A /* 通知类 */ = {
			isa = PBXGroup;
			children = (
				FEBBA3751A63691D0002F1CB /* 本地推送 */,
			);
			path = "通知类";
			sourceTree = "<group>";
		};
		FEA0A4941A5D238600991D4A /* 画面类 */ = {
			isa = PBXGroup;
			children = (
				FEBBA3841A6369C50002F1CB /* 集合视图 */,
				FEBBA3611A6368CB0002F1CB /* 倒影 */,
			);
			path = "画面类";
			sourceTree = "<group>";
		};
		FEA7DA0D1A6E026500FF9A7A /* MD5 */ = {
			isa = PBXGroup;
			children = (
				FEA7DA0E1A6E026500FF9A7A /* NSString+MD5Addition.h */,
				FEA7DA0F1A6E026500FF9A7A /* NSString+MD5Addition.m */,
			);
			path = MD5;
			sourceTree = "<group>";
		};
		FEAE25101A53CA8F00165C55 = {
			isa = PBXGroup;
			children = (
				FEAE25221A53CA8F00165C55 /* DemoStruts */,
				FEAE253B1A53CA9000165C55 /* DemoStrutsTests */,
				FEAE251B1A53CA8F00165C55 /* Frameworks */,
				FEAE251A1A53CA8F00165C55 /* Products */,
			);
			sourceTree = "<group>";
		};
		FEAE251A1A53CA8F00165C55 /* Products */ = {
			isa = PBXGroup;
			children = (
				FEAE25191A53CA8F00165C55 /* DemoStruts.app */,
				FEAE25341A53CA9000165C55 /* DemoStrutsTests.xctest */,
			);
			name = Products;
			sourceTree = "<group>";
		};
		FEAE251B1A53CA8F00165C55 /* Frameworks */ = {
			isa = PBXGroup;
			children = (
				FEAE251C1A53CA8F00165C55 /* Foundation.framework */,
				FEAE251E1A53CA8F00165C55 /* CoreGraphics.framework */,
				FEAE25201A53CA8F00165C55 /* UIKit.framework */,
				FEAE25351A53CA9000165C55 /* XCTest.framework */,
			);
			name = Frameworks;
			sourceTree = "<group>";
		};
		FEAE25221A53CA8F00165C55 /* DemoStruts */ = {
			isa = PBXGroup;
			children = (
				FE6894B61A5519BD001B3EAD /* Class */,
				FEAE25231A53CA8F00165C55 /* Supporting Files */,
			);
			path = DemoStruts;
			sourceTree = "<group>";
		};
		FEAE25231A53CA8F00165C55 /* Supporting Files */ = {
			isa = PBXGroup;
			children = (
				FEAE252E1A53CA8F00165C55 /* Images.xcassets */,
				FEAE25241A53CA8F00165C55 /* DemoStruts-Info.plist */,
				FEAE25251A53CA8F00165C55 /* InfoPlist.strings */,
				FEAE252A1A53CA8F00165C55 /* DemoStruts-Prefix.pch */,
				FE4CE2701A56587D00497804 /* example_categories.json */,
			);
			name = "Supporting Files";
			sourceTree = "<group>";
		};
		FEAE253B1A53CA9000165C55 /* DemoStrutsTests */ = {
			isa = PBXGroup;
			children = (
				FEAE25411A53CA9000165C55 /* DemoStrutsTests.m */,
				FEAE253C1A53CA9000165C55 /* Supporting Files */,
			);
			path = DemoStrutsTests;
			sourceTree = "<group>";
		};
		FEAE253C1A53CA9000165C55 /* Supporting Files */ = {
			isa = PBXGroup;
			children = (
				FEAE253D1A53CA9000165C55 /* DemoStrutsTests-Info.plist */,
				FEAE253E1A53CA9000165C55 /* InfoPlist.strings */,
			);
			name = "Supporting Files";
			sourceTree = "<group>";
		};
		FEBBA35D1A6368960002F1CB /* 示例 */ = {
			isa = PBXGroup;
			children = (
				FEBBA35E1A6368960002F1CB /* SGKSampleViewController.h */,
				FEBBA35F1A6368960002F1CB /* SGKSampleViewController.m */,
			);
			path = "示例";
			sourceTree = "<group>";
		};
		FEBBA3611A6368CB0002F1CB /* 倒影 */ = {
			isa = PBXGroup;
			children = (
				FEBBA3651A6368E10002F1CB /* sources */,
				FEBBA3621A6368CB0002F1CB /* SGKReflectionViewController.h */,
				FEBBA3631A6368CB0002F1CB /* SGKReflectionViewController.m */,
			);
			path = "倒影";
			sourceTree = "<group>";
		};
		FEBBA3651A6368E10002F1CB /* sources */ = {
			isa = PBXGroup;
			children = (
				FEBBA3661A6368E10002F1CB /* Images */,
				FEBBA36D1A6368E10002F1CB /* showReflection.jpg */,
			);
			path = sources;
			sourceTree = "<group>";
		};
		FEBBA3661A6368E10002F1CB /* Images */ = {
			isa = PBXGroup;
			children = (
				FEBBA3671A6368E10002F1CB /* a.png */,
				FEBBA3681A6368E10002F1CB /* b.png */,
				FEBBA3691A6368E10002F1CB /* c.png */,
				FEBBA36A1A6368E10002F1CB /* x.png */,
				FEBBA36B1A6368E10002F1CB /* y.png */,
				FEBBA36C1A6368E10002F1CB /* z.png */,
			);
			path = Images;
			sourceTree = "<group>";
		};
		FEBBA3751A63691D0002F1CB /* 本地推送 */ = {
			isa = PBXGroup;
			children = (
				FEBBA3761A63691D0002F1CB /* Model */,
				FEBBA3791A63691D0002F1CB /* SGKLocalNotificationViewController.h */,
				FEBBA37A1A63691D0002F1CB /* SGKLocalNotificationViewController.m */,
				FEBBA37B1A63691D0002F1CB /* Util */,
			);
			path = "本地推送";
			sourceTree = "<group>";
		};
		FEBBA3761A63691D0002F1CB /* Model */ = {
			isa = PBXGroup;
			children = (
				FEBBA3771A63691D0002F1CB /* SGKNotificaitonModel.h */,
				FEBBA3781A63691D0002F1CB /* SGKNotificaitonModel.m */,
			);
			path = Model;
			sourceTree = "<group>";
		};
		FEBBA37B1A63691D0002F1CB /* Util */ = {
			isa = PBXGroup;
			children = (
				FEBBA37C1A63691D0002F1CB /* SGKJump.h */,
				FEBBA37D1A63691D0002F1CB /* SGKJump.m */,
			);
			path = Util;
			sourceTree = "<group>";
		};
		FEBBA3841A6369C50002F1CB /* 集合视图 */ = {
			isa = PBXGroup;
			children = (
				FEBBA3851A6369C50002F1CB /* SGKCollectionViewController.h */,
				FEBBA3861A6369C50002F1CB /* SGKCollectionViewController.m */,
				FEBBA3881A6395B10002F1CB /* SGKCollectionViewCell.h */,
				FEBBA3891A6395B10002F1CB /* SGKCollectionViewCell.m */,
			);
			path = "集合视图";
			sourceTree = "<group>";
		};
/* End PBXGroup section */

/* Begin PBXNativeTarget section */
		FEAE25181A53CA8F00165C55 /* DemoStruts */ = {
			isa = PBXNativeTarget;
			buildConfigurationList = FEAE25451A53CA9000165C55 /* Build configuration list for PBXNativeTarget "DemoStruts" */;
			buildPhases = (
				FEAE25151A53CA8F00165C55 /* Sources */,
				FEAE25161A53CA8F00165C55 /* Frameworks */,
				FEAE25171A53CA8F00165C55 /* Resources */,
			);
			buildRules = (
			);
			dependencies = (
			);
			name = DemoStruts;
			productName = DemoStruts;
			productReference = FEAE25191A53CA8F00165C55 /* DemoStruts.app */;
			productType = "com.apple.product-type.application";
		};
		FEAE25331A53CA9000165C55 /* DemoStrutsTests */ = {
			isa = PBXNativeTarget;
			buildConfigurationList = FEAE25481A53CA9000165C55 /* Build configuration list for PBXNativeTarget "DemoStrutsTests" */;
			buildPhases = (
				FEAE25301A53CA9000165C55 /* Sources */,
				FEAE25311A53CA9000165C55 /* Frameworks */,
				FEAE25321A53CA9000165C55 /* Resources */,
			);
			buildRules = (
			);
			dependencies = (
				FEAE253A1A53CA9000165C55 /* PBXTargetDependency */,
			);
			name = DemoStrutsTests;
			productName = DemoStrutsTests;
			productReference = FEAE25341A53CA9000165C55 /* DemoStrutsTests.xctest */;
			productType = "com.apple.product-type.bundle.unit-test";
		};
/* End PBXNativeTarget section */

/* Begin PBXProject section */
		FEAE25111A53CA8F00165C55 /* Project object */ = {
			isa = PBXProject;
			attributes = {
				CLASSPREFIX = SGK;
				LastUpgradeCheck = 0510;
				ORGANIZATIONNAME = SumRise;
				TargetAttributes = {
					FEAE25331A53CA9000165C55 = {
						TestTargetID = FEAE25181A53CA8F00165C55;
					};
				};
			};
			buildConfigurationList = FEAE25141A53CA8F00165C55 /* Build configuration list for PBXProject "DemoStruts" */;
			compatibilityVersion = "Xcode 3.2";
			developmentRegion = English;
			hasScannedForEncodings = 0;
			knownRegions = (
				en,
			);
			mainGroup = FEAE25101A53CA8F00165C55;
			productRefGroup = FEAE251A1A53CA8F00165C55 /* Products */;
			projectDirPath = "";
			projectRoot = "";
			targets = (
				FEAE25181A53CA8F00165C55 /* DemoStruts */,
				FEAE25331A53CA9000165C55 /* DemoStrutsTests */,
			);
		};
/* End PBXProject section */

/* Begin PBXResourcesBuildPhase section */
		FEAE25171A53CA8F00165C55 /* Resources */ = {
			isa = PBXResourcesBuildPhase;
			buildActionMask = 2147483647;
			files = (
				FEAE25271A53CA8F00165C55 /* InfoPlist.strings in Resources */,
				FEBBA3721A6368E10002F1CB /* y.png in Resources */,
				FEBBA36F1A6368E10002F1CB /* b.png in Resources */,
				FEBBA3711A6368E10002F1CB /* x.png in Resources */,
				FEBBA36E1A6368E10002F1CB /* a.png in Resources */,
				FEBBA3701A6368E10002F1CB /* c.png in Resources */,
				FEBBA3731A6368E10002F1CB /* z.png in Resources */,
				FEAE252F1A53CA8F00165C55 /* Images.xcassets in Resources */,
				FE4CE2711A56587D00497804 /* example_categories.json in Resources */,
				FEBBA3741A6368E10002F1CB /* showReflection.jpg in Resources */,
			);
			runOnlyForDeploymentPostprocessing = 0;
		};
		FEAE25321A53CA9000165C55 /* Resources */ = {
			isa = PBXResourcesBuildPhase;
			buildActionMask = 2147483647;
			files = (
				FEAE25401A53CA9000165C55 /* InfoPlist.strings in Resources */,
			);
			runOnlyForDeploymentPostprocessing = 0;
		};
/* End PBXResourcesBuildPhase section */

/* Begin PBXSourcesBuildPhase section */
		FEAE25151A53CA8F00165C55 /* Sources */ = {
			isa = PBXSourcesBuildPhase;
			buildActionMask = 2147483647;
			files = (
				FE9C42D31A5FA765002C258A /* SGKSectionStateModel.m in Sources */,
				FEBBA3641A6368CB0002F1CB /* SGKReflectionViewController.m in Sources */,
				FE6894C31A551C86001B3EAD /* SGKMainTableViewController.m in Sources */,
				FE6894BF1A551A0F001B3EAD /* SGKAppDelegate.m in Sources */,
				FEA7DA101A6E026500FF9A7A /* NSString+MD5Addition.m in Sources */,
				FEBBA3601A6368960002F1CB /* SGKSampleViewController.m in Sources */,
				FEBBA37F1A63691D0002F1CB /* SGKLocalNotificationViewController.m in Sources */,
				FEBBA37E1A63691D0002F1CB /* SGKNotificaitonModel.m in Sources */,
				FEBBA3801A63691D0002F1CB /* SGKJump.m in Sources */,
				FE7F95981A68B2BD00F39C44 /* SGKSocketSenderViewController.m in Sources */,
				FE7F95B41A68B40C00F39C44 /* SGKSocketSender.m in Sources */,
				FE6894CF1A5526BB001B3EAD /* SGKCategoryModel.m in Sources */,
				FE4CE26A1A56536900497804 /* SGKBaseModel.m in Sources */,
				FEBBA3871A6369C50002F1CB /* SGKCollectionViewController.m in Sources */,
				FEBBA38A1A6395B10002F1CB /* SGKCollectionViewCell.m in Sources */,
				FE6894D21A5526CA001B3EAD /* SGKExampleModel.m in Sources */,
				FE4CE2741A565A4D00497804 /* SGKJsonManager.m in Sources */,
				FE6894BE1A551A0F001B3EAD /* main.m in Sources */,
			);
			runOnlyForDeploymentPostprocessing = 0;
		};
		FEAE25301A53CA9000165C55 /* Sources */ = {
			isa = PBXSourcesBuildPhase;
			buildActionMask = 2147483647;
			files = (
				FEAE25421A53CA9000165C55 /* DemoStrutsTests.m in Sources */,
			);
			runOnlyForDeploymentPostprocessing = 0;
		};
/* End PBXSourcesBuildPhase section */

/* Begin PBXTargetDependency section */
		FEAE253A1A53CA9000165C55 /* PBXTargetDependency */ = {
			isa = PBXTargetDependency;
			target = FEAE25181A53CA8F00165C55 /* DemoStruts */;
			targetProxy = FEAE25391A53CA9000165C55 /* PBXContainerItemProxy */;
		};
/* End PBXTargetDependency section */

/* Begin PBXVariantGroup section */
		FEAE25251A53CA8F00165C55 /* InfoPlist.strings */ = {
			isa = PBXVariantGroup;
			children = (
				FEAE25261A53CA8F00165C55 /* en */,
			);
			name = InfoPlist.strings;
			sourceTree = "<group>";
		};
		FEAE253E1A53CA9000165C55 /* InfoPlist.strings */ = {
			isa = PBXVariantGroup;
			children = (
				FEAE253F1A53CA9000165C55 /* en */,
			);
			name = InfoPlist.strings;
			sourceTree = "<group>";
		};
/* End PBXVariantGroup section */

/* Begin XCBuildConfiguration section */
		FEAE25431A53CA9000165C55 /* Debug */ = {
			isa = XCBuildConfiguration;
			buildSettings = {
				ALWAYS_SEARCH_USER_PATHS = NO;
				CLANG_CXX_LANGUAGE_STANDARD = "gnu++0x";
				CLANG_CXX_LIBRARY = "libc++";
				CLANG_ENABLE_MODULES = YES;
				CLANG_ENABLE_OBJC_ARC = YES;
				CLANG_WARN_BOOL_CONVERSION = YES;
				CLANG_WARN_CONSTANT_CONVERSION = YES;
				CLANG_WARN_DIRECT_OBJC_ISA_USAGE = YES_ERROR;
				CLANG_WARN_EMPTY_BODY = YES;
				CLANG_WARN_ENUM_CONVERSION = YES;
				CLANG_WARN_INT_CONVERSION = YES;
				CLANG_WARN_OBJC_ROOT_CLASS = YES_ERROR;
				CLANG_WARN__DUPLICATE_METHOD_MATCH = YES;
				"CODE_SIGN_IDENTITY[sdk=iphoneos*]" = "iPhone Developer";
				COPY_PHASE_STRIP = NO;
				GCC_C_LANGUAGE_STANDARD = gnu99;
				GCC_DYNAMIC_NO_PIC = NO;
				GCC_OPTIMIZATION_LEVEL = 0;
				GCC_PREPROCESSOR_DEFINITIONS = (
					"DEBUG=1",
					"$(inherited)",
				);
				GCC_SYMBOLS_PRIVATE_EXTERN = NO;
				GCC_WARN_64_TO_32_BIT_CONVERSION = YES;
				GCC_WARN_ABOUT_RETURN_TYPE = YES_ERROR;
				GCC_WARN_UNDECLARED_SELECTOR = YES;
				GCC_WARN_UNINITIALIZED_AUTOS = YES_AGGRESSIVE;
				GCC_WARN_UNUSED_FUNCTION = YES;
				GCC_WARN_UNUSED_VARIABLE = YES;
				IPHONEOS_DEPLOYMENT_TARGET = 7.1;
				ONLY_ACTIVE_ARCH = YES;
				SDKROOT = iphoneos;
				TARGETED_DEVICE_FAMILY = "1,2";
			};
			name = Debug;
		};
		FEAE25441A53CA9000165C55 /* Release */ = {
			isa = XCBuildConfiguration;
			buildSettings = {
				ALWAYS_SEARCH_USER_PATHS = NO;
				CLANG_CXX_LANGUAGE_STANDARD = "gnu++0x";
				CLANG_CXX_LIBRARY = "libc++";
				CLANG_ENABLE_MODULES = YES;
				CLANG_ENABLE_OBJC_ARC = YES;
				CLANG_WARN_BOOL_CONVERSION = YES;
				CLANG_WARN_CONSTANT_CONVERSION = YES;
				CLANG_WARN_DIRECT_OBJC_ISA_USAGE = YES_ERROR;
				CLANG_WARN_EMPTY_BODY = YES;
				CLANG_WARN_ENUM_CONVERSION = YES;
				CLANG_WARN_INT_CONVERSION = YES;
				CLANG_WARN_OBJC_ROOT_CLASS = YES_ERROR;
				CLANG_WARN__DUPLICATE_METHOD_MATCH = YES;
				"CODE_SIGN_IDENTITY[sdk=iphoneos*]" = "iPhone Developer";
				COPY_PHASE_STRIP = YES;
				ENABLE_NS_ASSERTIONS = NO;
				GCC_C_LANGUAGE_STANDARD = gnu99;
				GCC_WARN_64_TO_32_BIT_CONVERSION = YES;
				GCC_WARN_ABOUT_RETURN_TYPE = YES_ERROR;
				GCC_WARN_UNDECLARED_SELECTOR = YES;
				GCC_WARN_UNINITIALIZED_AUTOS = YES_AGGRESSIVE;
				GCC_WARN_UNUSED_FUNCTION = YES;
				GCC_WARN_UNUSED_VARIABLE = YES;
				IPHONEOS_DEPLOYMENT_TARGET = 7.1;
				SDKROOT = iphoneos;
				TARGETED_DEVICE_FAMILY = "1,2";
				VALIDATE_PRODUCT = YES;
			};
			name = Release;
		};
		FEAE25461A53CA9000165C55 /* Debug */ = {
			isa = XCBuildConfiguration;
			buildSettings = {
				ASSETCATALOG_COMPILER_APPICON_NAME = AppIcon;
				ASSETCATALOG_COMPILER_LAUNCHIMAGE_NAME = LaunchImage;
				CODE_SIGN_IDENTITY = "iPhone Distribution: 1000phone";
				"CODE_SIGN_IDENTITY[sdk=iphoneos*]" = "iPhone Distribution: 1000phone";
				GCC_PRECOMPILE_PREFIX_HEADER = YES;
				GCC_PREFIX_HEADER = "DemoStruts/DemoStruts-Prefix.pch";
				INFOPLIST_FILE = "DemoStruts/DemoStruts-Info.plist";
				PRODUCT_NAME = "$(TARGET_NAME)";
				PROVISIONING_PROFILE = "B5E805A1-6763-4516-BC0E-1D01B2912F25";
				WRAPPER_EXTENSION = app;
			};
			name = Debug;
		};
		FEAE25471A53CA9000165C55 /* Release */ = {
			isa = XCBuildConfiguration;
			buildSettings = {
				ASSETCATALOG_COMPILER_APPICON_NAME = AppIcon;
				ASSETCATALOG_COMPILER_LAUNCHIMAGE_NAME = LaunchImage;
				CODE_SIGN_IDENTITY = "iPhone Distribution: 1000phone";
				"CODE_SIGN_IDENTITY[sdk=iphoneos*]" = "iPhone Distribution: 1000phone";
				GCC_PRECOMPILE_PREFIX_HEADER = YES;
				GCC_PREFIX_HEADER = "DemoStruts/DemoStruts-Prefix.pch";
				INFOPLIST_FILE = "DemoStruts/DemoStruts-Info.plist";
				PRODUCT_NAME = "$(TARGET_NAME)";
				PROVISIONING_PROFILE = "B5E805A1-6763-4516-BC0E-1D01B2912F25";
				WRAPPER_EXTENSION = app;
			};
			name = Release;
		};
		FEAE25491A53CA9000165C55 /* Debug */ = {
			isa = XCBuildConfiguration;
			buildSettings = {
				BUNDLE_LOADER = "$(BUILT_PRODUCTS_DIR)/DemoStruts.app/DemoStruts";
				FRAMEWORK_SEARCH_PATHS = (
					"$(SDKROOT)/Developer/Library/Frameworks",
					"$(inherited)",
					"$(DEVELOPER_FRAMEWORKS_DIR)",
				);
				GCC_PRECOMPILE_PREFIX_HEADER = YES;
				GCC_PREFIX_HEADER = "DemoStruts/DemoStruts-Prefix.pch";
				GCC_PREPROCESSOR_DEFINITIONS = (
					"DEBUG=1",
					"$(inherited)",
				);
				INFOPLIST_FILE = "DemoStrutsTests/DemoStrutsTests-Info.plist";
				PRODUCT_NAME = "$(TARGET_NAME)";
				TEST_HOST = "$(BUNDLE_LOADER)";
				WRAPPER_EXTENSION = xctest;
			};
			name = Debug;
		};
		FEAE254A1A53CA9000165C55 /* Release */ = {
			isa = XCBuildConfiguration;
			buildSettings = {
				BUNDLE_LOADER = "$(BUILT_PRODUCTS_DIR)/DemoStruts.app/DemoStruts";
				FRAMEWORK_SEARCH_PATHS = (
					"$(SDKROOT)/Developer/Library/Frameworks",
					"$(inherited)",
					"$(DEVELOPER_FRAMEWORKS_DIR)",
				);
				GCC_PRECOMPILE_PREFIX_HEADER = YES;
				GCC_PREFIX_HEADER = "DemoStruts/DemoStruts-Prefix.pch";
				INFOPLIST_FILE = "DemoStrutsTests/DemoStrutsTests-Info.plist";
				PRODUCT_NAME = "$(TARGET_NAME)";
				TEST_HOST = "$(BUNDLE_LOADER)";
				WRAPPER_EXTENSION = xctest;
			};
			name = Release;
		};
/* End XCBuildConfiguration section */

/* Begin XCConfigurationList section */
		FEAE25141A53CA8F00165C55 /* Build configuration list for PBXProject "DemoStruts" */ = {
			isa = XCConfigurationList;
			buildConfigurations = (
				FEAE25431A53CA9000165C55 /* Debug */,
				FEAE25441A53CA9000165C55 /* Release */,
			);
			defaultConfigurationIsVisible = 0;
			defaultConfigurationName = Release;
		};
		FEAE25451A53CA9000165C55 /* Build configuration list for PBXNativeTarget "DemoStruts" */ = {
			isa = XCConfigurationList;
			buildConfigurations = (
				FEAE25461A53CA9000165C55 /* Debug */,
				FEAE25471A53CA9000165C55 /* Release */,
			);
			defaultConfigurationIsVisible = 0;
			defaultConfigurationName = Release;
		};
		FEAE25481A53CA9000165C55 /* Build configuration list for PBXNativeTarget "DemoStrutsTests" */ = {
			isa = XCConfigurationList;
			buildConfigurations = (
				FEAE25491A53CA9000165C55 /* Debug */,
				FEAE254A1A53CA9000165C55 /* Release */,
			);
			defaultConfigurationIsVisible = 0;
			defaultConfigurationName = Release;
		};
/* End XCConfigurationList section */
	};
	rootObject = FEAE25111A53CA8F00165C55 /* Project object */;
}
